{
  "object": {
    "pins": [
      {
        "package": "CarBode",
        "repositoryURL": "https://github.com/heart/CarBode-Barcode-Scanner-For-SwiftUI",
        "state": {
          "branch": null,
          "revision": "72536f564399106278181289805d26444faf5052",
          "version": "2.1.2"
        }
      }
    ]
  },
  "version": 1
}
