// !$*UTF8*$!
{
	archiveVersion = 1;
	classes = {
	};
	objectVersion = 50;
	objects = {

/* Begin PBXBuildFile section */
		CC58CF63266B8100001D49CC /* SelabInventoryHelperApp.swift in Sources */ = {isa = PBXBuildFile; fileRef = CC58CF62266B8100001D49CC /* SelabInventoryHelperApp.swift */; };
		CC58CF65266B8100001D49CC /* ContentView.swift in Sources */ = {isa = PBXBuildFile; fileRef = CC58CF64266B8100001D49CC /* ContentView.swift */; };
		CC58CF67266B8101001D49CC /* Assets.xcassets in Resources */ = {isa = PBXBuildFile; fileRef = CC58CF66266B8101001D49CC /* Assets.xcassets */; };
		CC58CF6A266B8101001D49CC /* Preview Assets.xcassets in Resources */ = {isa = PBXBuildFile; fileRef = CC58CF69266B8101001D49CC /* Preview Assets.xcassets */; };
		CC58CF75266B8101001D49CC /* SelabInventoryHelperTests.swift in Sources */ = {isa = PBXBuildFile; fileRef = CC58CF74266B8101001D49CC /* SelabInventoryHelperTests.swift */; };
		CC58CF80266B8101001D49CC /* SelabInventoryHelperUITests.swift in Sources */ = {isa = PBXBuildFile; fileRef = CC58CF7F266B8101001D49CC /* SelabInventoryHelperUITests.swift */; };
		CC58CF8F266D0509001D49CC /* InventoryList.swift in Sources */ = {isa = PBXBuildFile; fileRef = CC58CF8E266D0509001D49CC /* InventoryList.swift */; };
		CC58CF97266E1B75001D49CC /* Inventory.swift in Sources */ = {isa = PBXBuildFile; fileRef = CC58CF96266E1B75001D49CC /* Inventory.swift */; };
		CC58CF99266E1DD7001D49CC /* InventoryDetail.swift in Sources */ = {isa = PBXBuildFile; fileRef = CC58CF98266E1DD7001D49CC /* InventoryDetail.swift */; };
		CC58CF9B266E2982001D49CC /* SearchBar.swift in Sources */ = {isa = PBXBuildFile; fileRef = CC58CF9A266E2982001D49CC /* SearchBar.swift */; };
		CC58CFA0266E50DB001D49CC /* ImageSlider.swift in Sources */ = {isa = PBXBuildFile; fileRef = CC58CF9F266E50DB001D49CC /* ImageSlider.swift */; };
/* End PBXBuildFile section */

/* Begin PBXContainerItemProxy section */
		CC58CF71266B8101001D49CC /* PBXContainerItemProxy */ = {
			isa = PBXContainerItemProxy;
			containerPortal = CC58CF57266B8100001D49CC /* Project object */;
			proxyType = 1;
			remoteGlobalIDString = CC58CF5E266B8100001D49CC;
			remoteInfo = SelabInventoryHelper;
		};
		CC58CF7C266B8101001D49CC /* PBXContainerItemProxy */ = {
			isa = PBXContainerItemProxy;
			containerPortal = CC58CF57266B8100001D49CC /* Project object */;
			proxyType = 1;
			remoteGlobalIDString = CC58CF5E266B8100001D49CC;
			remoteInfo = SelabInventoryHelper;
		};
/* End PBXContainerItemProxy section */

/* Begin PBXFileReference section */
		CC58CF5F266B8100001D49CC /* SelabInventoryHelper.app */ = {isa = PBXFileReference; explicitFileType = wrapper.application; includeInIndex = 0; path = SelabInventoryHelper.app; sourceTree = BUILT_PRODUCTS_DIR; };
		CC58CF62266B8100001D49CC /* SelabInventoryHelperApp.swift */ = {isa = PBXFileReference; lastKnownFileType = sourcecode.swift; path = SelabInventoryHelperApp.swift; sourceTree = "<group>"; };
		CC58CF64266B8100001D49CC /* ContentView.swift */ = {isa = PBXFileReference; lastKnownFileType = sourcecode.swift; path = ContentView.swift; sourceTree = "<group>"; };
		CC58CF66266B8101001D49CC /* Assets.xcassets */ = {isa = PBXFileReference; lastKnownFileType = folder.assetcatalog; path = Assets.xcassets; sourceTree = "<group>"; };
		CC58CF69266B8101001D49CC /* Preview Assets.xcassets */ = {isa = PBXFileReference; lastKnownFileType = folder.assetcatalog; path = "Preview Assets.xcassets"; sourceTree = "<group>"; };
		CC58CF6B266B8101001D49CC /* Info.plist */ = {isa = PBXFileReference; lastKnownFileType = text.plist.xml; path = Info.plist; sourceTree = "<group>"; };
		CC58CF70266B8101001D49CC /* SelabInventoryHelperTests.xctest */ = {isa = PBXFileReference; explicitFileType = wrapper.cfbundle; includeInIndex = 0; path = SelabInventoryHelperTests.xctest; sourceTree = BUILT_PRODUCTS_DIR; };
		CC58CF74266B8101001D49CC /* SelabInventoryHelperTests.swift */ = {isa = PBXFileReference; lastKnownFileType = sourcecode.swift; path = SelabInventoryHelperTests.swift; sourceTree = "<group>"; };
		CC58CF76266B8101001D49CC /* Info.plist */ = {isa = PBXFileReference; lastKnownFileType = text.plist.xml; path = Info.plist; sourceTree = "<group>"; };
		CC58CF7B266B8101001D49CC /* SelabInventoryHelperUITests.xctest */ = {isa = PBXFileReference; explicitFileType = wrapper.cfbundle; includeInIndex = 0; path = SelabInventoryHelperUITests.xctest; sourceTree = BUILT_PRODUCTS_DIR; };
		CC58CF7F266B8101001D49CC /* SelabInventoryHelperUITests.swift */ = {isa = PBXFileReference; lastKnownFileType = sourcecode.swift; path = SelabInventoryHelperUITests.swift; sourceTree = "<group>"; };
		CC58CF81266B8101001D49CC /* Info.plist */ = {isa = PBXFileReference; lastKnownFileType = text.plist.xml; path = Info.plist; sourceTree = "<group>"; };
		CC58CF8E266D0509001D49CC /* InventoryList.swift */ = {isa = PBXFileReference; lastKnownFileType = sourcecode.swift; path = InventoryList.swift; sourceTree = "<group>"; };
		CC58CF96266E1B75001D49CC /* Inventory.swift */ = {isa = PBXFileReference; lastKnownFileType = sourcecode.swift; path = Inventory.swift; sourceTree = "<group>"; };
		CC58CF98266E1DD7001D49CC /* InventoryDetail.swift */ = {isa = PBXFileReference; lastKnownFileType = sourcecode.swift; path = InventoryDetail.swift; sourceTree = "<group>"; };
		CC58CF9A266E2982001D49CC /* SearchBar.swift */ = {isa = PBXFileReference; lastKnownFileType = sourcecode.swift; path = SearchBar.swift; sourceTree = "<group>"; };
		CC58CF9F266E50DB001D49CC /* ImageSlider.swift */ = {isa = PBXFileReference; lastKnownFileType = sourcecode.swift; path = ImageSlider.swift; sourceTree = "<group>"; };
/* End PBXFileReference section */

/* Begin PBXFrameworksBuildPhase section */
		CC58CF5C266B8100001D49CC /* Frameworks */ = {
			isa = PBXFrameworksBuildPhase;
			buildActionMask = 2147483647;
			files = (
			);
			runOnlyForDeploymentPostprocessing = 0;
		};
		CC58CF6D266B8101001D49CC /* Frameworks */ = {
			isa = PBXFrameworksBuildPhase;
			buildActionMask = 2147483647;
			files = (
			);
			runOnlyForDeploymentPostprocessing = 0;
		};
		CC58CF78266B8101001D49CC /* Frameworks */ = {
			isa = PBXFrameworksBuildPhase;
			buildActionMask = 2147483647;
			files = (
			);
			runOnlyForDeploymentPostprocessing = 0;
		};
/* End PBXFrameworksBuildPhase section */

/* Begin PBXGroup section */
		CC58CF56266B8100001D49CC = {
			isa = PBXGroup;
			children = (
				CC58CF61266B8100001D49CC /* SelabInventoryHelper */,
				CC58CF73266B8101001D49CC /* SelabInventoryHelperTests */,
				CC58CF7E266B8101001D49CC /* SelabInventoryHelperUITests */,
				CC58CF60266B8100001D49CC /* Products */,
			);
			sourceTree = "<group>";
		};
		CC58CF60266B8100001D49CC /* Products */ = {
			isa = PBXGroup;
			children = (
				CC58CF5F266B8100001D49CC /* SelabInventoryHelper.app */,
				CC58CF70266B8101001D49CC /* SelabInventoryHelperTests.xctest */,
				CC58CF7B266B8101001D49CC /* SelabInventoryHelperUITests.xctest */,
			);
			name = Products;
			sourceTree = "<group>";
		};
		CC58CF61266B8100001D49CC /* SelabInventoryHelper */ = {
			isa = PBXGroup;
			children = (
				CC58CF93266E1B27001D49CC /* Model */,
				CC58CF8D266D045A001D49CC /* Views */,
				CC58CF62266B8100001D49CC /* SelabInventoryHelperApp.swift */,
				CC58CF64266B8100001D49CC /* ContentView.swift */,
				CC58CF66266B8101001D49CC /* Assets.xcassets */,
				CC58CF6B266B8101001D49CC /* Info.plist */,
				CC58CF68266B8101001D49CC /* Preview Content */,
			);
			path = SelabInventoryHelper;
			sourceTree = "<group>";
		};
		CC58CF68266B8101001D49CC /* Preview Content */ = {
			isa = PBXGroup;
			children = (
				CC58CF69266B8101001D49CC /* Preview Assets.xcassets */,
			);
			path = "Preview Content";
			sourceTree = "<group>";
		};
		CC58CF73266B8101001D49CC /* SelabInventoryHelperTests */ = {
			isa = PBXGroup;
			children = (
				CC58CF74266B8101001D49CC /* SelabInventoryHelperTests.swift */,
				CC58CF76266B8101001D49CC /* Info.plist */,
			);
			path = SelabInventoryHelperTests;
			sourceTree = "<group>";
		};
		CC58CF7E266B8101001D49CC /* SelabInventoryHelperUITests */ = {
			isa = PBXGroup;
			children = (
				CC58CF7F266B8101001D49CC /* SelabInventoryHelperUITests.swift */,
				CC58CF81266B8101001D49CC /* Info.plist */,
			);
			path = SelabInventoryHelperUITests;
			sourceTree = "<group>";
		};
		CC58CF8D266D045A001D49CC /* Views */ = {
			isa = PBXGroup;
			children = (
				CC58CF8E266D0509001D49CC /* InventoryList.swift */,
				CC58CF98266E1DD7001D49CC /* InventoryDetail.swift */,
				CC58CF9A266E2982001D49CC /* SearchBar.swift */,
				CC58CF9F266E50DB001D49CC /* ImageSlider.swift */,
			);
			path = Views;
			sourceTree = "<group>";
		};
		CC58CF93266E1B27001D49CC /* Model */ = {
			isa = PBXGroup;
			children = (
				CC58CF96266E1B75001D49CC /* Inventory.swift */,
			);
			path = Model;
			sourceTree = "<group>";
		};
/* End PBXGroup section */

/* Begin PBXNativeTarget section */
		CC58CF5E266B8100001D49CC /* SelabInventoryHelper */ = {
			isa = PBXNativeTarget;
			buildConfigurationList = CC58CF84266B8101001D49CC /* Build configuration list for PBXNativeTarget "SelabInventoryHelper" */;
			buildPhases = (
				CC58CF5B266B8100001D49CC /* Sources */,
				CC58CF5C266B8100001D49CC /* Frameworks */,
				CC58CF5D266B8100001D49CC /* Resources */,
			);
			buildRules = (
			);
			dependencies = (
			);
			name = SelabInventoryHelper;
			productName = SelabInventoryHelper;
			productReference = CC58CF5F266B8100001D49CC /* SelabInventoryHelper.app */;
			productType = "com.apple.product-type.application";
		};
		CC58CF6F266B8101001D49CC /* SelabInventoryHelperTests */ = {
			isa = PBXNativeTarget;
			buildConfigurationList = CC58CF87266B8101001D49CC /* Build configuration list for PBXNativeTarget "SelabInventoryHelperTests" */;
			buildPhases = (
				CC58CF6C266B8101001D49CC /* Sources */,
				CC58CF6D266B8101001D49CC /* Frameworks */,
				CC58CF6E266B8101001D49CC /* Resources */,
			);
			buildRules = (
			);
			dependencies = (
				CC58CF72266B8101001D49CC /* PBXTargetDependency */,
			);
			name = SelabInventoryHelperTests;
			productName = SelabInventoryHelperTests;
			productReference = CC58CF70266B8101001D49CC /* SelabInventoryHelperTests.xctest */;
			productType = "com.apple.product-type.bundle.unit-test";
		};
		CC58CF7A266B8101001D49CC /* SelabInventoryHelperUITests */ = {
			isa = PBXNativeTarget;
			buildConfigurationList = CC58CF8A266B8101001D49CC /* Build configuration list for PBXNativeTarget "SelabInventoryHelperUITests" */;
			buildPhases = (
				CC58CF77266B8101001D49CC /* Sources */,
				CC58CF78266B8101001D49CC /* Frameworks */,
				CC58CF79266B8101001D49CC /* Resources */,
			);
			buildRules = (
			);
			dependencies = (
				CC58CF7D266B8101001D49CC /* PBXTargetDependency */,
			);
			name = SelabInventoryHelperUITests;
			productName = SelabInventoryHelperUITests;
			productReference = CC58CF7B266B8101001D49CC /* SelabInventoryHelperUITests.xctest */;
			productType = "com.apple.product-type.bundle.ui-testing";
		};
/* End PBXNativeTarget section */

/* Begin PBXProject section */
		CC58CF57266B8100001D49CC /* Project object */ = {
			isa = PBXProject;
			attributes = {
				LastSwiftUpdateCheck = 1250;
				LastUpgradeCheck = 1250;
				TargetAttributes = {
					CC58CF5E266B8100001D49CC = {
						CreatedOnToolsVersion = 12.5;
					};
					CC58CF6F266B8101001D49CC = {
						CreatedOnToolsVersion = 12.5;
						TestTargetID = CC58CF5E266B8100001D49CC;
					};
					CC58CF7A266B8101001D49CC = {
						CreatedOnToolsVersion = 12.5;
						TestTargetID = CC58CF5E266B8100001D49CC;
					};
				};
			};
			buildConfigurationList = CC58CF5A266B8100001D49CC /* Build configuration list for PBXProject "SelabInventoryHelper" */;
			compatibilityVersion = "Xcode 9.3";
			developmentRegion = en;
			hasScannedForEncodings = 0;
			knownRegions = (
				en,
				Base,
			);
			mainGroup = CC58CF56266B8100001D49CC;
			productRefGroup = CC58CF60266B8100001D49CC /* Products */;
			projectDirPath = "";
			projectRoot = "";
			targets = (
				CC58CF5E266B8100001D49CC /* SelabInventoryHelper */,
				CC58CF6F266B8101001D49CC /* SelabInventoryHelperTests */,
				CC58CF7A266B8101001D49CC /* SelabInventoryHelperUITests */,
			);
		};
/* End PBXProject section */

/* Begin PBXResourcesBuildPhase section */
		CC58CF5D266B8100001D49CC /* Resources */ = {
			isa = PBXResourcesBuildPhase;
			buildActionMask = 2147483647;
			files = (
				CC58CF6A266B8101001D49CC /* Preview Assets.xcassets in Resources */,
				CC58CF67266B8101001D49CC /* Assets.xcassets in Resources */,
			);
			runOnlyForDeploymentPostprocessing = 0;
		};
		CC58CF6E266B8101001D49CC /* Resources */ = {
			isa = PBXResourcesBuildPhase;
			buildActionMask = 2147483647;
			files = (
			);
			runOnlyForDeploymentPostprocessing = 0;
		};
		CC58CF79266B8101001D49CC /* Resources */ = {
			isa = PBXResourcesBuildPhase;
			buildActionMask = 2147483647;
			files = (
			);
			runOnlyForDeploymentPostprocessing = 0;
		};
/* End PBXResourcesBuildPhase section */

/* Begin PBXSourcesBuildPhase section */
		CC58CF5B266B8100001D49CC /* Sources */ = {
			isa = PBXSourcesBuildPhase;
			buildActionMask = 2147483647;
			files = (
				CC58CF97266E1B75001D49CC /* Inventory.swift in Sources */,
				CC58CFA0266E50DB001D49CC /* ImageSlider.swift in Sources */,
				CC58CF65266B8100001D49CC /* ContentView.swift in Sources */,
				CC58CF99266E1DD7001D49CC /* InventoryDetail.swift in Sources */,
				CC58CF8F266D0509001D49CC /* InventoryList.swift in Sources */,
				CC58CF63266B8100001D49CC /* SelabInventoryHelperApp.swift in Sources */,
				CC58CF9B266E2982001D49CC /* SearchBar.swift in Sources */,
			);
			runOnlyForDeploymentPostprocessing = 0;
		};
		CC58CF6C266B8101001D49CC /* Sources */ = {
			isa = PBXSourcesBuildPhase;
			buildActionMask = 2147483647;
			files = (
				CC58CF75266B8101001D49CC /* SelabInventoryHelperTests.swift in Sources */,
			);
			runOnlyForDeploymentPostprocessing = 0;
		};
		CC58CF77266B8101001D49CC /* Sources */ = {
			isa = PBXSourcesBuildPhase;
			buildActionMask = 2147483647;
			files = (
				CC58CF80266B8101001D49CC /* SelabInventoryHelperUITests.swift in Sources */,
			);
			runOnlyForDeploymentPostprocessing = 0;
		};
/* End PBXSourcesBuildPhase section */

/* Begin PBXTargetDependency section */
		CC58CF72266B8101001D49CC /* PBXTargetDependency */ = {
			isa = PBXTargetDependency;
			target = CC58CF5E266B8100001D49CC /* SelabInventoryHelper */;
			targetProxy = CC58CF71266B8101001D49CC /* PBXContainerItemProxy */;
		};
		CC58CF7D266B8101001D49CC /* PBXTargetDependency */ = {
			isa = PBXTargetDependency;
			target = CC58CF5E266B8100001D49CC /* SelabInventoryHelper */;
			targetProxy = CC58CF7C266B8101001D49CC /* PBXContainerItemProxy */;
		};
/* End PBXTargetDependency section */

/* Begin XCBuildConfiguration section */
		CC58CF82266B8101001D49CC /* Debug */ = {
			isa = XCBuildConfiguration;
			buildSettings = {
				ALWAYS_SEARCH_USER_PATHS = NO;
				CLANG_ANALYZER_NONNULL = YES;
				CLANG_ANALYZER_NUMBER_OBJECT_CONVERSION = YES_AGGRESSIVE;
				CLANG_CXX_LANGUAGE_STANDARD = "gnu++14";
				CLANG_CXX_LIBRARY = "libc++";
				CLANG_ENABLE_MODULES = YES;
				CLANG_ENABLE_OBJC_ARC = YES;
				CLANG_ENABLE_OBJC_WEAK = YES;
				CLANG_WARN_BLOCK_CAPTURE_AUTORELEASING = YES;
				CLANG_WARN_BOOL_CONVERSION = YES;
				CLANG_WARN_COMMA = YES;
				CLANG_WARN_CONSTANT_CONVERSION = YES;
				CLANG_WARN_DEPRECATED_OBJC_IMPLEMENTATIONS = YES;
				CLANG_WARN_DIRECT_OBJC_ISA_USAGE = YES_ERROR;
				CLANG_WARN_DOCUMENTATION_COMMENTS = YES;
				CLANG_WARN_EMPTY_BODY = YES;
				CLANG_WARN_ENUM_CONVERSION = YES;
				CLANG_WARN_INFINITE_RECURSION = YES;
				CLANG_WARN_INT_CONVERSION = YES;
				CLANG_WARN_NON_LITERAL_NULL_CONVERSION = YES;
				CLANG_WARN_OBJC_IMPLICIT_RETAIN_SELF = YES;
				CLANG_WARN_OBJC_LITERAL_CONVERSION = YES;
				CLANG_WARN_OBJC_ROOT_CLASS = YES_ERROR;
				CLANG_WARN_QUOTED_INCLUDE_IN_FRAMEWORK_HEADER = YES;
				CLANG_WARN_RANGE_LOOP_ANALYSIS = YES;
				CLANG_WARN_STRICT_PROTOTYPES = YES;
				CLANG_WARN_SUSPICIOUS_MOVE = YES;
				CLANG_WARN_UNGUARDED_AVAILABILITY = YES_AGGRESSIVE;
				CLANG_WARN_UNREACHABLE_CODE = YES;
				CLANG_WARN__DUPLICATE_METHOD_MATCH = YES;
				COPY_PHASE_STRIP = NO;
				DEBUG_INFORMATION_FORMAT = dwarf;
				ENABLE_STRICT_OBJC_MSGSEND = YES;
				ENABLE_TESTABILITY = YES;
				GCC_C_LANGUAGE_STANDARD = gnu11;
				GCC_DYNAMIC_NO_PIC = NO;
				GCC_NO_COMMON_BLOCKS = YES;
				GCC_OPTIMIZATION_LEVEL = 0;
				GCC_PREPROCESSOR_DEFINITIONS = (
					"DEBUG=1",
					"$(inherited)",
				);
				GCC_WARN_64_TO_32_BIT_CONVERSION = YES;
				GCC_WARN_ABOUT_RETURN_TYPE = YES_ERROR;
				GCC_WARN_UNDECLARED_SELECTOR = YES;
				GCC_WARN_UNINITIALIZED_AUTOS = YES_AGGRESSIVE;
				GCC_WARN_UNUSED_FUNCTION = YES;
				GCC_WARN_UNUSED_VARIABLE = YES;
				IPHONEOS_DEPLOYMENT_TARGET = 14.5;
				MTL_ENABLE_DEBUG_INFO = INCLUDE_SOURCE;
				MTL_FAST_MATH = YES;
				ONLY_ACTIVE_ARCH = YES;
				SDKROOT = iphoneos;
				SWIFT_ACTIVE_COMPILATION_CONDITIONS = DEBUG;
				SWIFT_OPTIMIZATION_LEVEL = "-Onone";
			};
			name = Debug;
		};
		CC58CF83266B8101001D49CC /* Release */ = {
			isa = XCBuildConfiguration;
			buildSettings = {
				ALWAYS_SEARCH_USER_PATHS = NO;
				CLANG_ANALYZER_NONNULL = YES;
				CLANG_ANALYZER_NUMBER_OBJECT_CONVERSION = YES_AGGRESSIVE;
				CLANG_CXX_LANGUAGE_STANDARD = "gnu++14";
				CLANG_CXX_LIBRARY = "libc++";
				CLANG_ENABLE_MODULES = YES;
				CLANG_ENABLE_OBJC_ARC = YES;
				CLANG_ENABLE_OBJC_WEAK = YES;
				CLANG_WARN_BLOCK_CAPTURE_AUTORELEASING = YES;
				CLANG_WARN_BOOL_CONVERSION = YES;
				CLANG_WARN_COMMA = YES;
				CLANG_WARN_CONSTANT_CONVERSION = YES;
				CLANG_WARN_DEPRECATED_OBJC_IMPLEMENTATIONS = YES;
				CLANG_WARN_DIRECT_OBJC_ISA_USAGE = YES_ERROR;
				CLANG_WARN_DOCUMENTATION_COMMENTS = YES;
				CLANG_WARN_EMPTY_BODY = YES;
				CLANG_WARN_ENUM_CONVERSION = YES;
				CLANG_WARN_INFINITE_RECURSION = YES;
				CLANG_WARN_INT_CONVERSION = YES;
				CLANG_WARN_NON_LITERAL_NULL_CONVERSION = YES;
				CLANG_WARN_OBJC_IMPLICIT_RETAIN_SELF = YES;
				CLANG_WARN_OBJC_LITERAL_CONVERSION = YES;
				CLANG_WARN_OBJC_ROOT_CLASS = YES_ERROR;
				CLANG_WARN_QUOTED_INCLUDE_IN_FRAMEWORK_HEADER = YES;
				CLANG_WARN_RANGE_LOOP_ANALYSIS = YES;
				CLANG_WARN_STRICT_PROTOTYPES = YES;
				CLANG_WARN_SUSPICIOUS_MOVE = YES;
				CLANG_WARN_UNGUARDED_AVAILABILITY = YES_AGGRESSIVE;
				CLANG_WARN_UNREACHABLE_CODE = YES;
				CLANG_WARN__DUPLICATE_METHOD_MATCH = YES;
				COPY_PHASE_STRIP = NO;
				DEBUG_INFORMATION_FORMAT = "dwarf-with-dsym";
				ENABLE_NS_ASSERTIONS = NO;
				ENABLE_STRICT_OBJC_MSGSEND = YES;
				GCC_C_LANGUAGE_STANDARD = gnu11;
				GCC_NO_COMMON_BLOCKS = YES;
				GCC_WARN_64_TO_32_BIT_CONVERSION = YES;
				GCC_WARN_ABOUT_RETURN_TYPE = YES_ERROR;
				GCC_WARN_UNDECLARED_SELECTOR = YES;
				GCC_WARN_UNINITIALIZED_AUTOS = YES_AGGRESSIVE;
				GCC_WARN_UNUSED_FUNCTION = YES;
				GCC_WARN_UNUSED_VARIABLE = YES;
				IPHONEOS_DEPLOYMENT_TARGET = 14.5;
				MTL_ENABLE_DEBUG_INFO = NO;
				MTL_FAST_MATH = YES;
				SDKROOT = iphoneos;
				SWIFT_COMPILATION_MODE = wholemodule;
				SWIFT_OPTIMIZATION_LEVEL = "-O";
				VALIDATE_PRODUCT = YES;
			};
			name = Release;
		};
		CC58CF85266B8101001D49CC /* Debug */ = {
			isa = XCBuildConfiguration;
			buildSettings = {
				ASSETCATALOG_COMPILER_APPICON_NAME = AppIcon;
				ASSETCATALOG_COMPILER_GLOBAL_ACCENT_COLOR_NAME = AccentColor;
				CODE_SIGN_STYLE = Automatic;
				DEVELOPMENT_ASSET_PATHS = "\"SelabInventoryHelper/Preview Content\"";
				ENABLE_PREVIEWS = YES;
				INFOPLIST_FILE = SelabInventoryHelper/Info.plist;
				IPHONEOS_DEPLOYMENT_TARGET = 14.0;
				LD_RUNPATH_SEARCH_PATHS = (
					"$(inherited)",
					"@executable_path/Frameworks",
				);
				PRODUCT_BUNDLE_IDENTIFIER = ntut.edu.tw.selab1421.no97.SelabInventoryHelper;
				PRODUCT_NAME = "$(TARGET_NAME)";
				SWIFT_VERSION = 5.0;
				TARGETED_DEVICE_FAMILY = "1,2";
			};
			name = Debug;
		};
		CC58CF86266B8101001D49CC /* Release */ = {
			isa = XCBuildConfiguration;
			buildSettings = {
				ASSETCATALOG_COMPILER_APPICON_NAME = AppIcon;
				ASSETCATALOG_COMPILER_GLOBAL_ACCENT_COLOR_NAME = AccentColor;
				CODE_SIGN_STYLE = Automatic;
				DEVELOPMENT_ASSET_PATHS = "\"SelabInventoryHelper/Preview Content\"";
				ENABLE_PREVIEWS = YES;
				INFOPLIST_FILE = SelabInventoryHelper/Info.plist;
				IPHONEOS_DEPLOYMENT_TARGET = 14.0;
				LD_RUNPATH_SEARCH_PATHS = (
					"$(inherited)",
					"@executable_path/Frameworks",
				);
				PRODUCT_BUNDLE_IDENTIFIER = ntut.edu.tw.selab1421.no97.SelabInventoryHelper;
				PRODUCT_NAME = "$(TARGET_NAME)";
				SWIFT_VERSION = 5.0;
				TARGETED_DEVICE_FAMILY = "1,2";
			};
			name = Release;
		};
		CC58CF88266B8101001D49CC /* Debug */ = {
			isa = XCBuildConfiguration;
			buildSettings = {
				ALWAYS_EMBED_SWIFT_STANDARD_LIBRARIES = YES;
				BUNDLE_LOADER = "$(TEST_HOST)";
				CODE_SIGN_STYLE = Automatic;
				INFOPLIST_FILE = SelabInventoryHelperTests/Info.plist;
				IPHONEOS_DEPLOYMENT_TARGET = 14.0;
				LD_RUNPATH_SEARCH_PATHS = (
					"$(inherited)",
					"@executable_path/Frameworks",
					"@loader_path/Frameworks",
				);
				PRODUCT_BUNDLE_IDENTIFIER = ntut.edu.tw.selab1421.no97.SelabInventoryHelperTests;
				PRODUCT_NAME = "$(TARGET_NAME)";
				SWIFT_VERSION = 5.0;
				TARGETED_DEVICE_FAMILY = "1,2";
				TEST_HOST = "$(BUILT_PRODUCTS_DIR)/SelabInventoryHelper.app/SelabInventoryHelper";
			};
			name = Debug;
		};
		CC58CF89266B8101001D49CC /* Release */ = {
			isa = XCBuildConfiguration;
			buildSettings = {
				ALWAYS_EMBED_SWIFT_STANDARD_LIBRARIES = YES;
				BUNDLE_LOADER = "$(TEST_HOST)";
				CODE_SIGN_STYLE = Automatic;
				INFOPLIST_FILE = SelabInventoryHelperTests/Info.plist;
				IPHONEOS_DEPLOYMENT_TARGET = 14.0;
				LD_RUNPATH_SEARCH_PATHS = (
					"$(inherited)",
					"@executable_path/Frameworks",
					"@loader_path/Frameworks",
				);
				PRODUCT_BUNDLE_IDENTIFIER = ntut.edu.tw.selab1421.no97.SelabInventoryHelperTests;
				PRODUCT_NAME = "$(TARGET_NAME)";
				SWIFT_VERSION = 5.0;
				TARGETED_DEVICE_FAMILY = "1,2";
				TEST_HOST = "$(BUILT_PRODUCTS_DIR)/SelabInventoryHelper.app/SelabInventoryHelper";
			};
			name = Release;
		};
		CC58CF8B266B8101001D49CC /* Debug */ = {
			isa = XCBuildConfiguration;
			buildSettings = {
				ALWAYS_EMBED_SWIFT_STANDARD_LIBRARIES = YES;
				CODE_SIGN_STYLE = Automatic;
				INFOPLIST_FILE = SelabInventoryHelperUITests/Info.plist;
				LD_RUNPATH_SEARCH_PATHS = (
					"$(inherited)",
					"@executable_path/Frameworks",
					"@loader_path/Frameworks",
				);
				PRODUCT_BUNDLE_IDENTIFIER = ntut.edu.tw.selab1421.no97.SelabInventoryHelperUITests;
				PRODUCT_NAME = "$(TARGET_NAME)";
				SWIFT_VERSION = 5.0;
				TARGETED_DEVICE_FAMILY = "1,2";
				TEST_TARGET_NAME = SelabInventoryHelper;
			};
			name = Debug;
		};
		CC58CF8C266B8101001D49CC /* Release */ = {
			isa = XCBuildConfiguration;
			buildSettings = {
				ALWAYS_EMBED_SWIFT_STANDARD_LIBRARIES = YES;
				CODE_SIGN_STYLE = Automatic;
				INFOPLIST_FILE = SelabInventoryHelperUITests/Info.plist;
				LD_RUNPATH_SEARCH_PATHS = (
					"$(inherited)",
					"@executable_path/Frameworks",
					"@loader_path/Frameworks",
				);
				PRODUCT_BUNDLE_IDENTIFIER = ntut.edu.tw.selab1421.no97.SelabInventoryHelperUITests;
				PRODUCT_NAME = "$(TARGET_NAME)";
				SWIFT_VERSION = 5.0;
				TARGETED_DEVICE_FAMILY = "1,2";
				TEST_TARGET_NAME = SelabInventoryHelper;
			};
			name = Release;
		};
/* End XCBuildConfiguration section */

/* Begin XCConfigurationList section */
		CC58CF5A266B8100001D49CC /* Build configuration list for PBXProject "SelabInventoryHelper" */ = {
			isa = XCConfigurationList;
			buildConfigurations = (
				CC58CF82266B8101001D49CC /* Debug */,
				CC58CF83266B8101001D49CC /* Release */,
			);
			defaultConfigurationIsVisible = 0;
			defaultConfigurationName = Release;
		};
		CC58CF84266B8101001D49CC /* Build configuration list for PBXNativeTarget "SelabInventoryHelper" */ = {
			isa = XCConfigurationList;
			buildConfigurations = (
				CC58CF85266B8101001D49CC /* Debug */,
				CC58CF86266B8101001D49CC /* Release */,
			);
			defaultConfigurationIsVisible = 0;
			defaultConfigurationName = Release;
		};
		CC58CF87266B8101001D49CC /* Build configuration list for PBXNativeTarget "SelabInventoryHelperTests" */ = {
			isa = XCConfigurationList;
			buildConfigurations = (
				CC58CF88266B8101001D49CC /* Debug */,
				CC58CF89266B8101001D49CC /* Release */,
			);
			defaultConfigurationIsVisible = 0;
			defaultConfigurationName = Release;
		};
		CC58CF8A266B8101001D49CC /* Build configuration list for PBXNativeTarget "SelabInventoryHelperUITests" */ = {
			isa = XCConfigurationList;
			buildConfigurations = (
				CC58CF8B266B8101001D49CC /* Debug */,
				CC58CF8C266B8101001D49CC /* Release */,
			);
			defaultConfigurationIsVisible = 0;
			defaultConfigurationName = Release;
		};
/* End XCConfigurationList section */
	};
	rootObject = CC58CF57266B8100001D49CC /* Project object */;
}
