// !$*UTF8*$!
{
	archiveVersion = 1;
	classes = {
	};
	objectVersion = 52;
	objects = {

/* Begin PBXBuildFile section */
		1EE12C8D06A5F8EEF86153E4 /* Pods_SelabInventoryHelperTests.framework in Frameworks */ = {isa = PBXBuildFile; fileRef = D6BA4E9A7E37C11EB5A48FEC /* Pods_SelabInventoryHelperTests.framework */; };
		4D236EA88BBC5993574612F8 /* Pods_SelabInventoryHelper.framework in Frameworks */ = {isa = PBXBuildFile; fileRef = 6AA21DF02B1B80025ADC1AF8 /* Pods_SelabInventoryHelper.framework */; };
		8CE17B84B03AF4023D495254 /* Pods_SelabInventoryHelper_SelabInventoryHelperUITests.framework in Frameworks */ = {isa = PBXBuildFile; fileRef = C0D1DC72C8B6408613F2E760 /* Pods_SelabInventoryHelper_SelabInventoryHelperUITests.framework */; };
		9205F38F266E43C0007BE24F /* InventoryTaking.swift in Sources */ = {isa = PBXBuildFile; fileRef = 9205F38E266E43C0007BE24F /* InventoryTaking.swift */; };
		92114B8B267C92FB00557EC9 /* ImgePicker.swift in Sources */ = {isa = PBXBuildFile; fileRef = 92114B8A267C92FB00557EC9 /* ImgePicker.swift */; };
		9228FC5C267D377B006CB3BA /* InventoryHistory.swift in Sources */ = {isa = PBXBuildFile; fileRef = 9228FC5B267D377B006CB3BA /* InventoryHistory.swift */; };
		9228FC61267D3804006CB3BA /* InventoryLog.swift in Sources */ = {isa = PBXBuildFile; fileRef = 9228FC60267D3804006CB3BA /* InventoryLog.swift */; };
		9228FC66267D38E9006CB3BA /* InventoryItem.swift in Sources */ = {isa = PBXBuildFile; fileRef = 9228FC65267D38E9006CB3BA /* InventoryItem.swift */; };
		926054E4266EFD4B006BB51A /* ButtonWithImage.swift in Sources */ = {isa = PBXBuildFile; fileRef = 926054E3266EFD4B006BB51A /* ButtonWithImage.swift */; };
		926054EC266F0274006BB51A /* CreateProperty.swift in Sources */ = {isa = PBXBuildFile; fileRef = 926054EB266F0274006BB51A /* CreateProperty.swift */; };
		92605505266F081C006BB51A /* .gitattributes in Resources */ = {isa = PBXBuildFile; fileRef = 92605504266F081C006BB51A /* .gitattributes */; };
		92605526266F103A006BB51A /* CreatePropertyManually.swift in Sources */ = {isa = PBXBuildFile; fileRef = 92605525266F103A006BB51A /* CreatePropertyManually.swift */; };
		9297EC91267E2204009E2F1A /* PropertyDtoMapper.swift in Sources */ = {isa = PBXBuildFile; fileRef = 9297EC90267E2204009E2F1A /* PropertyDtoMapper.swift */; };
		9297EC9B267E226A009E2F1A /* PropertyDto.swift in Sources */ = {isa = PBXBuildFile; fileRef = 9297EC9A267E226A009E2F1A /* PropertyDto.swift */; };
		92D71CEE2680FCB2006F4A59 /* InventoryHistoryViewModel.swift in Sources */ = {isa = PBXBuildFile; fileRef = 92D71CED2680FCB2006F4A59 /* InventoryHistoryViewModel.swift */; };
		92D71CF3268102A1006F4A59 /* InventoryHistoryRow.swift in Sources */ = {isa = PBXBuildFile; fileRef = 92D71CF2268102A1006F4A59 /* InventoryHistoryRow.swift */; };
		92D71CF82681032A006F4A59 /* InventoryLogDetail.swift in Sources */ = {isa = PBXBuildFile; fileRef = 92D71CF72681032A006F4A59 /* InventoryLogDetail.swift */; };
		CC58CF63266B8100001D49CC /* SelabInventoryHelperApp.swift in Sources */ = {isa = PBXBuildFile; fileRef = CC58CF62266B8100001D49CC /* SelabInventoryHelperApp.swift */; };
		CC58CF65266B8100001D49CC /* ContentView.swift in Sources */ = {isa = PBXBuildFile; fileRef = CC58CF64266B8100001D49CC /* ContentView.swift */; };
		CC58CF67266B8101001D49CC /* Assets.xcassets in Resources */ = {isa = PBXBuildFile; fileRef = CC58CF66266B8101001D49CC /* Assets.xcassets */; };
		CC58CF6A266B8101001D49CC /* Preview Assets.xcassets in Resources */ = {isa = PBXBuildFile; fileRef = CC58CF69266B8101001D49CC /* Preview Assets.xcassets */; };
		CC58CF75266B8101001D49CC /* SelabInventoryHelperTests.swift in Sources */ = {isa = PBXBuildFile; fileRef = CC58CF74266B8101001D49CC /* SelabInventoryHelperTests.swift */; };
		CC58CF80266B8101001D49CC /* SelabInventoryHelperUITests.swift in Sources */ = {isa = PBXBuildFile; fileRef = CC58CF7F266B8101001D49CC /* SelabInventoryHelperUITests.swift */; };
		CC58CF8F266D0509001D49CC /* ListProperty.swift in Sources */ = {isa = PBXBuildFile; fileRef = CC58CF8E266D0509001D49CC /* ListProperty.swift */; };
		CC58CF97266E1B75001D49CC /* Property.swift in Sources */ = {isa = PBXBuildFile; fileRef = CC58CF96266E1B75001D49CC /* Property.swift */; };
		CC58CF99266E1DD7001D49CC /* PropertyDetail.swift in Sources */ = {isa = PBXBuildFile; fileRef = CC58CF98266E1DD7001D49CC /* PropertyDetail.swift */; };
		CC58CF9B266E2982001D49CC /* SearchBar.swift in Sources */ = {isa = PBXBuildFile; fileRef = CC58CF9A266E2982001D49CC /* SearchBar.swift */; };
		CC58CFA0266E50DB001D49CC /* ImageSlider.swift in Sources */ = {isa = PBXBuildFile; fileRef = CC58CF9F266E50DB001D49CC /* ImageSlider.swift */; };
		CC58CFA2266E5A55001D49CC /* EditProperty.swift in Sources */ = {isa = PBXBuildFile; fileRef = CC58CFA1266E5A55001D49CC /* EditProperty.swift */; };
		CC58CFA4266E7130001D49CC /* SUImagePicker.swift in Sources */ = {isa = PBXBuildFile; fileRef = CC58CFA3266E7130001D49CC /* SUImagePicker.swift */; };
		CC58CFB1266FB63B001D49CC /* TextArea.swift in Sources */ = {isa = PBXBuildFile; fileRef = CC58CFB0266FB63B001D49CC /* TextArea.swift */; };
		CC58CFB3266FCB1A001D49CC /* ListPropertyRow.swift in Sources */ = {isa = PBXBuildFile; fileRef = CC58CFB2266FCB1A001D49CC /* ListPropertyRow.swift */; };
		CCAB356B2674C76F00034E45 /* GoogleService-Info.plist in Resources */ = {isa = PBXBuildFile; fileRef = CCAB356A2674C76F00034E45 /* GoogleService-Info.plist */; };
		CCAB356D2674E1A400034E45 /* AppDelegate.swift in Sources */ = {isa = PBXBuildFile; fileRef = CCAB356C2674E1A400034E45 /* AppDelegate.swift */; };
		CCAB35702674E5AC00034E45 /* PropertyRepository.swift in Sources */ = {isa = PBXBuildFile; fileRef = CCAB356F2674E5AC00034E45 /* PropertyRepository.swift */; };
		CCAB35732674F20900034E45 /* ListPropertyViewModel.swift in Sources */ = {isa = PBXBuildFile; fileRef = CCAB35722674F20900034E45 /* ListPropertyViewModel.swift */; };
		CCAB35752675E1DB00034E45 /* CreatePropertyManuallyViewModel.swift in Sources */ = {isa = PBXBuildFile; fileRef = CCAB35742675E1DB00034E45 /* CreatePropertyManuallyViewModel.swift */; };
		CCAB35772675EDE800034E45 /* EditPropertyViewModel.swift in Sources */ = {isa = PBXBuildFile; fileRef = CCAB35762675EDE800034E45 /* EditPropertyViewModel.swift */; };
		CCAB358C267E10B600034E45 /* CarBode in Frameworks */ = {isa = PBXBuildFile; productRef = CCAB358B267E10B600034E45 /* CarBode */; };
		CCAB358E267E159600034E45 /* CreatePropertyBarcodeSanner.swift in Sources */ = {isa = PBXBuildFile; fileRef = CCAB358D267E159600034E45 /* CreatePropertyBarcodeSanner.swift */; };
		CCAB359226805BEE00034E45 /* ListInventoryProperty.swift in Sources */ = {isa = PBXBuildFile; fileRef = CCAB359126805BEE00034E45 /* ListInventoryProperty.swift */; };
		CCAB359426805E8E00034E45 /* InventoryPropertyViewModel.swift in Sources */ = {isa = PBXBuildFile; fileRef = CCAB359326805E8E00034E45 /* InventoryPropertyViewModel.swift */; };
		CCAB35962680AFF400034E45 /* InventoryLogRepository.swift in Sources */ = {isa = PBXBuildFile; fileRef = CCAB35952680AFF400034E45 /* InventoryLogRepository.swift */; };
		CCAB35982680B0EE00034E45 /* InventoryLogDto.swift in Sources */ = {isa = PBXBuildFile; fileRef = CCAB35972680B0EE00034E45 /* InventoryLogDto.swift */; };
		CCAB359A2680B1FC00034E45 /* InventoryItemDto.swift in Sources */ = {isa = PBXBuildFile; fileRef = CCAB35992680B1FC00034E45 /* InventoryItemDto.swift */; };
		CCAB359C2680B29400034E45 /* InventoryLogDtoMapper.swift in Sources */ = {isa = PBXBuildFile; fileRef = CCAB359B2680B29400034E45 /* InventoryLogDtoMapper.swift */; };
		CCAB359E2680B2A300034E45 /* InventoryItemDtoMapper.swift in Sources */ = {isa = PBXBuildFile; fileRef = CCAB359D2680B2A300034E45 /* InventoryItemDtoMapper.swift */; };
		CCAB35A02680CB2700034E45 /* InventoryPropertyBarCodeScanner.swift in Sources */ = {isa = PBXBuildFile; fileRef = CCAB359F2680CB2700034E45 /* InventoryPropertyBarCodeScanner.swift */; };
		CCAB35A22680CC9900034E45 /* InventoryProperty.swift in Sources */ = {isa = PBXBuildFile; fileRef = CCAB35A12680CC9900034E45 /* InventoryProperty.swift */; };
/* End PBXBuildFile section */

/* Begin PBXContainerItemProxy section */
		CC58CF71266B8101001D49CC /* PBXContainerItemProxy */ = {
			isa = PBXContainerItemProxy;
			containerPortal = CC58CF57266B8100001D49CC /* Project object */;
			proxyType = 1;
			remoteGlobalIDString = CC58CF5E266B8100001D49CC;
			remoteInfo = SelabInventoryHelper;
		};
		CC58CF7C266B8101001D49CC /* PBXContainerItemProxy */ = {
			isa = PBXContainerItemProxy;
			containerPortal = CC58CF57266B8100001D49CC /* Project object */;
			proxyType = 1;
			remoteGlobalIDString = CC58CF5E266B8100001D49CC;
			remoteInfo = SelabInventoryHelper;
		};
/* End PBXContainerItemProxy section */

/* Begin PBXFileReference section */
		0BE323931D29565BD78BCE6E /* Pods-SelabInventoryHelperTests.debug.xcconfig */ = {isa = PBXFileReference; includeInIndex = 1; lastKnownFileType = text.xcconfig; name = "Pods-SelabInventoryHelperTests.debug.xcconfig"; path = "Target Support Files/Pods-SelabInventoryHelperTests/Pods-SelabInventoryHelperTests.debug.xcconfig"; sourceTree = "<group>"; };
		279A910C1037879558597D2B /* Pods-SelabInventoryHelper.release.xcconfig */ = {isa = PBXFileReference; includeInIndex = 1; lastKnownFileType = text.xcconfig; name = "Pods-SelabInventoryHelper.release.xcconfig"; path = "Target Support Files/Pods-SelabInventoryHelper/Pods-SelabInventoryHelper.release.xcconfig"; sourceTree = "<group>"; };
		43CE9B2CE42F2F22204BFFCC /* Pods-SelabInventoryHelper-SelabInventoryHelperUITests.release.xcconfig */ = {isa = PBXFileReference; includeInIndex = 1; lastKnownFileType = text.xcconfig; name = "Pods-SelabInventoryHelper-SelabInventoryHelperUITests.release.xcconfig"; path = "Target Support Files/Pods-SelabInventoryHelper-SelabInventoryHelperUITests/Pods-SelabInventoryHelper-SelabInventoryHelperUITests.release.xcconfig"; sourceTree = "<group>"; };
		5AA00FCFF9BB4CF633A22AF6 /* Pods-SelabInventoryHelper-SelabInventoryHelperUITests.debug.xcconfig */ = {isa = PBXFileReference; includeInIndex = 1; lastKnownFileType = text.xcconfig; name = "Pods-SelabInventoryHelper-SelabInventoryHelperUITests.debug.xcconfig"; path = "Target Support Files/Pods-SelabInventoryHelper-SelabInventoryHelperUITests/Pods-SelabInventoryHelper-SelabInventoryHelperUITests.debug.xcconfig"; sourceTree = "<group>"; };
		6AA21DF02B1B80025ADC1AF8 /* Pods_SelabInventoryHelper.framework */ = {isa = PBXFileReference; explicitFileType = wrapper.framework; includeInIndex = 0; path = Pods_SelabInventoryHelper.framework; sourceTree = BUILT_PRODUCTS_DIR; };
		9205F38E266E43C0007BE24F /* InventoryTaking.swift */ = {isa = PBXFileReference; lastKnownFileType = sourcecode.swift; path = InventoryTaking.swift; sourceTree = "<group>"; };
		92114B8A267C92FB00557EC9 /* ImgePicker.swift */ = {isa = PBXFileReference; lastKnownFileType = sourcecode.swift; path = ImgePicker.swift; sourceTree = "<group>"; };
		9228FC5B267D377B006CB3BA /* InventoryHistory.swift */ = {isa = PBXFileReference; lastKnownFileType = sourcecode.swift; path = InventoryHistory.swift; sourceTree = "<group>"; };
		9228FC60267D3804006CB3BA /* InventoryLog.swift */ = {isa = PBXFileReference; lastKnownFileType = sourcecode.swift; path = InventoryLog.swift; sourceTree = "<group>"; };
		9228FC65267D38E9006CB3BA /* InventoryItem.swift */ = {isa = PBXFileReference; lastKnownFileType = sourcecode.swift; path = InventoryItem.swift; sourceTree = "<group>"; };
		926054E3266EFD4B006BB51A /* ButtonWithImage.swift */ = {isa = PBXFileReference; lastKnownFileType = sourcecode.swift; path = ButtonWithImage.swift; sourceTree = "<group>"; };
		926054EB266F0274006BB51A /* CreateProperty.swift */ = {isa = PBXFileReference; lastKnownFileType = sourcecode.swift; path = CreateProperty.swift; sourceTree = "<group>"; };
		92605504266F081C006BB51A /* .gitattributes */ = {isa = PBXFileReference; lastKnownFileType = text; path = .gitattributes; sourceTree = "<group>"; };
		92605525266F103A006BB51A /* CreatePropertyManually.swift */ = {isa = PBXFileReference; lastKnownFileType = sourcecode.swift; path = CreatePropertyManually.swift; sourceTree = "<group>"; };
		9297EC90267E2204009E2F1A /* PropertyDtoMapper.swift */ = {isa = PBXFileReference; lastKnownFileType = sourcecode.swift; path = PropertyDtoMapper.swift; sourceTree = "<group>"; };
		9297EC9A267E226A009E2F1A /* PropertyDto.swift */ = {isa = PBXFileReference; lastKnownFileType = sourcecode.swift; path = PropertyDto.swift; sourceTree = "<group>"; };
		92D71CED2680FCB2006F4A59 /* InventoryHistoryViewModel.swift */ = {isa = PBXFileReference; lastKnownFileType = sourcecode.swift; path = InventoryHistoryViewModel.swift; sourceTree = "<group>"; };
		92D71CF2268102A1006F4A59 /* InventoryHistoryRow.swift */ = {isa = PBXFileReference; lastKnownFileType = sourcecode.swift; path = InventoryHistoryRow.swift; sourceTree = "<group>"; };
		92D71CF72681032A006F4A59 /* InventoryLogDetail.swift */ = {isa = PBXFileReference; lastKnownFileType = sourcecode.swift; path = InventoryLogDetail.swift; sourceTree = "<group>"; };
		C0D1DC72C8B6408613F2E760 /* Pods_SelabInventoryHelper_SelabInventoryHelperUITests.framework */ = {isa = PBXFileReference; explicitFileType = wrapper.framework; includeInIndex = 0; path = Pods_SelabInventoryHelper_SelabInventoryHelperUITests.framework; sourceTree = BUILT_PRODUCTS_DIR; };
		CC58CF5F266B8100001D49CC /* SelabInventoryHelper.app */ = {isa = PBXFileReference; explicitFileType = wrapper.application; includeInIndex = 0; path = SelabInventoryHelper.app; sourceTree = BUILT_PRODUCTS_DIR; };
		CC58CF62266B8100001D49CC /* SelabInventoryHelperApp.swift */ = {isa = PBXFileReference; lastKnownFileType = sourcecode.swift; path = SelabInventoryHelperApp.swift; sourceTree = "<group>"; };
		CC58CF64266B8100001D49CC /* ContentView.swift */ = {isa = PBXFileReference; lastKnownFileType = sourcecode.swift; path = ContentView.swift; sourceTree = "<group>"; };
		CC58CF66266B8101001D49CC /* Assets.xcassets */ = {isa = PBXFileReference; lastKnownFileType = folder.assetcatalog; path = Assets.xcassets; sourceTree = "<group>"; };
		CC58CF69266B8101001D49CC /* Preview Assets.xcassets */ = {isa = PBXFileReference; lastKnownFileType = folder.assetcatalog; path = "Preview Assets.xcassets"; sourceTree = "<group>"; };
		CC58CF6B266B8101001D49CC /* Info.plist */ = {isa = PBXFileReference; lastKnownFileType = text.plist.xml; path = Info.plist; sourceTree = "<group>"; };
		CC58CF70266B8101001D49CC /* SelabInventoryHelperTests.xctest */ = {isa = PBXFileReference; explicitFileType = wrapper.cfbundle; includeInIndex = 0; path = SelabInventoryHelperTests.xctest; sourceTree = BUILT_PRODUCTS_DIR; };
		CC58CF74266B8101001D49CC /* SelabInventoryHelperTests.swift */ = {isa = PBXFileReference; lastKnownFileType = sourcecode.swift; path = SelabInventoryHelperTests.swift; sourceTree = "<group>"; };
		CC58CF76266B8101001D49CC /* Info.plist */ = {isa = PBXFileReference; lastKnownFileType = text.plist.xml; path = Info.plist; sourceTree = "<group>"; };
		CC58CF7B266B8101001D49CC /* SelabInventoryHelperUITests.xctest */ = {isa = PBXFileReference; explicitFileType = wrapper.cfbundle; includeInIndex = 0; path = SelabInventoryHelperUITests.xctest; sourceTree = BUILT_PRODUCTS_DIR; };
		CC58CF7F266B8101001D49CC /* SelabInventoryHelperUITests.swift */ = {isa = PBXFileReference; lastKnownFileType = sourcecode.swift; path = SelabInventoryHelperUITests.swift; sourceTree = "<group>"; };
		CC58CF81266B8101001D49CC /* Info.plist */ = {isa = PBXFileReference; lastKnownFileType = text.plist.xml; path = Info.plist; sourceTree = "<group>"; };
		CC58CF8E266D0509001D49CC /* ListProperty.swift */ = {isa = PBXFileReference; lastKnownFileType = sourcecode.swift; path = ListProperty.swift; sourceTree = "<group>"; };
		CC58CF96266E1B75001D49CC /* Property.swift */ = {isa = PBXFileReference; lastKnownFileType = sourcecode.swift; path = Property.swift; sourceTree = "<group>"; };
		CC58CF98266E1DD7001D49CC /* PropertyDetail.swift */ = {isa = PBXFileReference; lastKnownFileType = sourcecode.swift; path = PropertyDetail.swift; sourceTree = "<group>"; };
		CC58CF9A266E2982001D49CC /* SearchBar.swift */ = {isa = PBXFileReference; lastKnownFileType = sourcecode.swift; path = SearchBar.swift; sourceTree = "<group>"; };
		CC58CF9F266E50DB001D49CC /* ImageSlider.swift */ = {isa = PBXFileReference; lastKnownFileType = sourcecode.swift; path = ImageSlider.swift; sourceTree = "<group>"; };
		CC58CFA1266E5A55001D49CC /* EditProperty.swift */ = {isa = PBXFileReference; lastKnownFileType = sourcecode.swift; path = EditProperty.swift; sourceTree = "<group>"; };
		CC58CFA3266E7130001D49CC /* SUImagePicker.swift */ = {isa = PBXFileReference; lastKnownFileType = sourcecode.swift; path = SUImagePicker.swift; sourceTree = "<group>"; };
		CC58CFB0266FB63B001D49CC /* TextArea.swift */ = {isa = PBXFileReference; lastKnownFileType = sourcecode.swift; path = TextArea.swift; sourceTree = "<group>"; };
		CC58CFB2266FCB1A001D49CC /* ListPropertyRow.swift */ = {isa = PBXFileReference; lastKnownFileType = sourcecode.swift; path = ListPropertyRow.swift; sourceTree = "<group>"; };
		CCAB356A2674C76F00034E45 /* GoogleService-Info.plist */ = {isa = PBXFileReference; fileEncoding = 4; lastKnownFileType = text.plist.xml; path = "GoogleService-Info.plist"; sourceTree = "<group>"; };
		CCAB356C2674E1A400034E45 /* AppDelegate.swift */ = {isa = PBXFileReference; lastKnownFileType = sourcecode.swift; path = AppDelegate.swift; sourceTree = "<group>"; };
		CCAB356F2674E5AC00034E45 /* PropertyRepository.swift */ = {isa = PBXFileReference; lastKnownFileType = sourcecode.swift; path = PropertyRepository.swift; sourceTree = "<group>"; };
		CCAB35722674F20900034E45 /* ListPropertyViewModel.swift */ = {isa = PBXFileReference; lastKnownFileType = sourcecode.swift; path = ListPropertyViewModel.swift; sourceTree = "<group>"; };
		CCAB35742675E1DB00034E45 /* CreatePropertyManuallyViewModel.swift */ = {isa = PBXFileReference; lastKnownFileType = sourcecode.swift; path = CreatePropertyManuallyViewModel.swift; sourceTree = "<group>"; };
		CCAB35762675EDE800034E45 /* EditPropertyViewModel.swift */ = {isa = PBXFileReference; lastKnownFileType = sourcecode.swift; path = EditPropertyViewModel.swift; sourceTree = "<group>"; };
		CCAB358D267E159600034E45 /* CreatePropertyBarcodeSanner.swift */ = {isa = PBXFileReference; lastKnownFileType = sourcecode.swift; path = CreatePropertyBarcodeSanner.swift; sourceTree = "<group>"; };
		CCAB359126805BEE00034E45 /* ListInventoryProperty.swift */ = {isa = PBXFileReference; lastKnownFileType = sourcecode.swift; path = ListInventoryProperty.swift; sourceTree = "<group>"; };
		CCAB359326805E8E00034E45 /* InventoryPropertyViewModel.swift */ = {isa = PBXFileReference; lastKnownFileType = sourcecode.swift; path = InventoryPropertyViewModel.swift; sourceTree = "<group>"; };
		CCAB35952680AFF400034E45 /* InventoryLogRepository.swift */ = {isa = PBXFileReference; lastKnownFileType = sourcecode.swift; path = InventoryLogRepository.swift; sourceTree = "<group>"; };
		CCAB35972680B0EE00034E45 /* InventoryLogDto.swift */ = {isa = PBXFileReference; lastKnownFileType = sourcecode.swift; path = InventoryLogDto.swift; sourceTree = "<group>"; };
		CCAB35992680B1FC00034E45 /* InventoryItemDto.swift */ = {isa = PBXFileReference; lastKnownFileType = sourcecode.swift; path = InventoryItemDto.swift; sourceTree = "<group>"; };
		CCAB359B2680B29400034E45 /* InventoryLogDtoMapper.swift */ = {isa = PBXFileReference; lastKnownFileType = sourcecode.swift; path = InventoryLogDtoMapper.swift; sourceTree = "<group>"; };
		CCAB359D2680B2A300034E45 /* InventoryItemDtoMapper.swift */ = {isa = PBXFileReference; lastKnownFileType = sourcecode.swift; path = InventoryItemDtoMapper.swift; sourceTree = "<group>"; };
		CCAB359F2680CB2700034E45 /* InventoryPropertyBarCodeScanner.swift */ = {isa = PBXFileReference; lastKnownFileType = sourcecode.swift; path = InventoryPropertyBarCodeScanner.swift; sourceTree = "<group>"; };
		CCAB35A12680CC9900034E45 /* InventoryProperty.swift */ = {isa = PBXFileReference; lastKnownFileType = sourcecode.swift; path = InventoryProperty.swift; sourceTree = "<group>"; };
		D6A600C3AB65478DD2DA8B0E /* Pods-SelabInventoryHelperTests.release.xcconfig */ = {isa = PBXFileReference; includeInIndex = 1; lastKnownFileType = text.xcconfig; name = "Pods-SelabInventoryHelperTests.release.xcconfig"; path = "Target Support Files/Pods-SelabInventoryHelperTests/Pods-SelabInventoryHelperTests.release.xcconfig"; sourceTree = "<group>"; };
		D6BA4E9A7E37C11EB5A48FEC /* Pods_SelabInventoryHelperTests.framework */ = {isa = PBXFileReference; explicitFileType = wrapper.framework; includeInIndex = 0; path = Pods_SelabInventoryHelperTests.framework; sourceTree = BUILT_PRODUCTS_DIR; };
		E57E99CE48D16CDF10A24D7A /* Pods-SelabInventoryHelper.debug.xcconfig */ = {isa = PBXFileReference; includeInIndex = 1; lastKnownFileType = text.xcconfig; name = "Pods-SelabInventoryHelper.debug.xcconfig"; path = "Target Support Files/Pods-SelabInventoryHelper/Pods-SelabInventoryHelper.debug.xcconfig"; sourceTree = "<group>"; };
/* End PBXFileReference section */

/* Begin PBXFrameworksBuildPhase section */
		CC58CF5C266B8100001D49CC /* Frameworks */ = {
			isa = PBXFrameworksBuildPhase;
			buildActionMask = 2147483647;
			files = (
				4D236EA88BBC5993574612F8 /* Pods_SelabInventoryHelper.framework in Frameworks */,
				CCAB358C267E10B600034E45 /* CarBode in Frameworks */,
			);
			runOnlyForDeploymentPostprocessing = 0;
		};
		CC58CF6D266B8101001D49CC /* Frameworks */ = {
			isa = PBXFrameworksBuildPhase;
			buildActionMask = 2147483647;
			files = (
				1EE12C8D06A5F8EEF86153E4 /* Pods_SelabInventoryHelperTests.framework in Frameworks */,
			);
			runOnlyForDeploymentPostprocessing = 0;
		};
		CC58CF78266B8101001D49CC /* Frameworks */ = {
			isa = PBXFrameworksBuildPhase;
			buildActionMask = 2147483647;
			files = (
				8CE17B84B03AF4023D495254 /* Pods_SelabInventoryHelper_SelabInventoryHelperUITests.framework in Frameworks */,
			);
			runOnlyForDeploymentPostprocessing = 0;
		};
/* End PBXFrameworksBuildPhase section */

/* Begin PBXGroup section */
		9205F38A266E41D5007BE24F /* Components */ = {
			isa = PBXGroup;
			children = (
				CC58CFB2266FCB1A001D49CC /* ListPropertyRow.swift */,
				CC58CF9F266E50DB001D49CC /* ImageSlider.swift */,
				CC58CFA3266E7130001D49CC /* SUImagePicker.swift */,
				CC58CF9A266E2982001D49CC /* SearchBar.swift */,
				926054E3266EFD4B006BB51A /* ButtonWithImage.swift */,
				CC58CFB0266FB63B001D49CC /* TextArea.swift */,
				92114B8A267C92FB00557EC9 /* ImgePicker.swift */,
				92D71CF2268102A1006F4A59 /* InventoryHistoryRow.swift */,
				92D71CF72681032A006F4A59 /* InventoryLogDetail.swift */,
			);
			path = Components;
			sourceTree = "<group>";
		};
		9297EC8F267E21B0009E2F1A /* Utils */ = {
			isa = PBXGroup;
			children = (
				9297EC90267E2204009E2F1A /* PropertyDtoMapper.swift */,
				CCAB359B2680B29400034E45 /* InventoryLogDtoMapper.swift */,
				CCAB359D2680B2A300034E45 /* InventoryItemDtoMapper.swift */,
			);
			path = Utils;
			sourceTree = "<group>";
		};
		97B7E5E8AAD5C11D7CAD3C8A /* Pods */ = {
			isa = PBXGroup;
			children = (
				E57E99CE48D16CDF10A24D7A /* Pods-SelabInventoryHelper.debug.xcconfig */,
				279A910C1037879558597D2B /* Pods-SelabInventoryHelper.release.xcconfig */,
				5AA00FCFF9BB4CF633A22AF6 /* Pods-SelabInventoryHelper-SelabInventoryHelperUITests.debug.xcconfig */,
				43CE9B2CE42F2F22204BFFCC /* Pods-SelabInventoryHelper-SelabInventoryHelperUITests.release.xcconfig */,
				0BE323931D29565BD78BCE6E /* Pods-SelabInventoryHelperTests.debug.xcconfig */,
				D6A600C3AB65478DD2DA8B0E /* Pods-SelabInventoryHelperTests.release.xcconfig */,
			);
			path = Pods;
			sourceTree = "<group>";
		};
		AA5D1A7A213D5A57ADBC543E /* Frameworks */ = {
			isa = PBXGroup;
			children = (
				6AA21DF02B1B80025ADC1AF8 /* Pods_SelabInventoryHelper.framework */,
				C0D1DC72C8B6408613F2E760 /* Pods_SelabInventoryHelper_SelabInventoryHelperUITests.framework */,
				D6BA4E9A7E37C11EB5A48FEC /* Pods_SelabInventoryHelperTests.framework */,
			);
			name = Frameworks;
			sourceTree = "<group>";
		};
		CC58CF56266B8100001D49CC = {
			isa = PBXGroup;
			children = (
				92605504266F081C006BB51A /* .gitattributes */,
				CC58CF61266B8100001D49CC /* SelabInventoryHelper */,
				CC58CF73266B8101001D49CC /* SelabInventoryHelperTests */,
				CC58CF7E266B8101001D49CC /* SelabInventoryHelperUITests */,
				CC58CF60266B8100001D49CC /* Products */,
				97B7E5E8AAD5C11D7CAD3C8A /* Pods */,
				AA5D1A7A213D5A57ADBC543E /* Frameworks */,
			);
			sourceTree = "<group>";
		};
		CC58CF60266B8100001D49CC /* Products */ = {
			isa = PBXGroup;
			children = (
				CC58CF5F266B8100001D49CC /* SelabInventoryHelper.app */,
				CC58CF70266B8101001D49CC /* SelabInventoryHelperTests.xctest */,
				CC58CF7B266B8101001D49CC /* SelabInventoryHelperUITests.xctest */,
			);
			name = Products;
			sourceTree = "<group>";
		};
		CC58CF61266B8100001D49CC /* SelabInventoryHelper */ = {
			isa = PBXGroup;
			children = (
				9297EC8F267E21B0009E2F1A /* Utils */,
				CCAB35712674EF5E00034E45 /* ViewModels */,
				CCAB356E2674E58100034E45 /* Repositories */,
				CCAB356A2674C76F00034E45 /* GoogleService-Info.plist */,
				9205F38A266E41D5007BE24F /* Components */,
				CC58CF93266E1B27001D49CC /* Models */,
				CC58CF8D266D045A001D49CC /* Views */,
				CC58CF62266B8100001D49CC /* SelabInventoryHelperApp.swift */,
				CC58CF64266B8100001D49CC /* ContentView.swift */,
				CC58CF66266B8101001D49CC /* Assets.xcassets */,
				CC58CF6B266B8101001D49CC /* Info.plist */,
				CC58CF68266B8101001D49CC /* Preview Content */,
				CCAB356C2674E1A400034E45 /* AppDelegate.swift */,
			);
			path = SelabInventoryHelper;
			sourceTree = "<group>";
		};
		CC58CF68266B8101001D49CC /* Preview Content */ = {
			isa = PBXGroup;
			children = (
				CC58CF69266B8101001D49CC /* Preview Assets.xcassets */,
			);
			path = "Preview Content";
			sourceTree = "<group>";
		};
		CC58CF73266B8101001D49CC /* SelabInventoryHelperTests */ = {
			isa = PBXGroup;
			children = (
				CC58CF74266B8101001D49CC /* SelabInventoryHelperTests.swift */,
				CC58CF76266B8101001D49CC /* Info.plist */,
			);
			path = SelabInventoryHelperTests;
			sourceTree = "<group>";
		};
		CC58CF7E266B8101001D49CC /* SelabInventoryHelperUITests */ = {
			isa = PBXGroup;
			children = (
				CC58CF7F266B8101001D49CC /* SelabInventoryHelperUITests.swift */,
				CC58CF81266B8101001D49CC /* Info.plist */,
			);
			path = SelabInventoryHelperUITests;
			sourceTree = "<group>";
		};
		CC58CF8D266D045A001D49CC /* Views */ = {
			isa = PBXGroup;
			children = (
				92605525266F103A006BB51A /* CreatePropertyManually.swift */,
				CC58CF8E266D0509001D49CC /* ListProperty.swift */,
				CC58CF98266E1DD7001D49CC /* PropertyDetail.swift */,
				9205F38E266E43C0007BE24F /* InventoryTaking.swift */,
				926054EB266F0274006BB51A /* CreateProperty.swift */,
				CC58CFA1266E5A55001D49CC /* EditProperty.swift */,
				9228FC5B267D377B006CB3BA /* InventoryHistory.swift */,
				CCAB358D267E159600034E45 /* CreatePropertyBarcodeSanner.swift */,
				CCAB359126805BEE00034E45 /* ListInventoryProperty.swift */,
				CCAB359F2680CB2700034E45 /* InventoryPropertyBarCodeScanner.swift */,
				CCAB35A12680CC9900034E45 /* InventoryProperty.swift */,
			);
			path = Views;
			sourceTree = "<group>";
		};
		CC58CF93266E1B27001D49CC /* Models */ = {
			isa = PBXGroup;
			children = (
				CC58CF96266E1B75001D49CC /* Property.swift */,
				9228FC60267D3804006CB3BA /* InventoryLog.swift */,
				9228FC65267D38E9006CB3BA /* InventoryItem.swift */,
				9297EC9A267E226A009E2F1A /* PropertyDto.swift */,
				CCAB35972680B0EE00034E45 /* InventoryLogDto.swift */,
				CCAB35992680B1FC00034E45 /* InventoryItemDto.swift */,
			);
			path = Models;
			sourceTree = "<group>";
		};
		CCAB356E2674E58100034E45 /* Repositories */ = {
			isa = PBXGroup;
			children = (
				CCAB356F2674E5AC00034E45 /* PropertyRepository.swift */,
				CCAB35952680AFF400034E45 /* InventoryLogRepository.swift */,
			);
			path = Repositories;
			sourceTree = "<group>";
		};
		CCAB35712674EF5E00034E45 /* ViewModels */ = {
			isa = PBXGroup;
			children = (
				CCAB35722674F20900034E45 /* ListPropertyViewModel.swift */,
				CCAB35742675E1DB00034E45 /* CreatePropertyManuallyViewModel.swift */,
				CCAB35762675EDE800034E45 /* EditPropertyViewModel.swift */,
				CCAB359326805E8E00034E45 /* InventoryPropertyViewModel.swift */,
				92D71CED2680FCB2006F4A59 /* InventoryHistoryViewModel.swift */,
			);
			path = ViewModels;
			sourceTree = "<group>";
		};
/* End PBXGroup section */

/* Begin PBXNativeTarget section */
		CC58CF5E266B8100001D49CC /* SelabInventoryHelper */ = {
			isa = PBXNativeTarget;
			buildConfigurationList = CC58CF84266B8101001D49CC /* Build configuration list for PBXNativeTarget "SelabInventoryHelper" */;
			buildPhases = (
				B861019CB9FA7B6234041979 /* [CP] Check Pods Manifest.lock */,
				CC58CF5B266B8100001D49CC /* Sources */,
				CC58CF5C266B8100001D49CC /* Frameworks */,
				CC58CF5D266B8100001D49CC /* Resources */,
				BB0E41B72BCB6C4A9309D9E5 /* [CP] Embed Pods Frameworks */,
			);
			buildRules = (
			);
			dependencies = (
			);
			name = SelabInventoryHelper;
			packageProductDependencies = (
				CCAB358B267E10B600034E45 /* CarBode */,
			);
			productName = SelabInventoryHelper;
			productReference = CC58CF5F266B8100001D49CC /* SelabInventoryHelper.app */;
			productType = "com.apple.product-type.application";
		};
		CC58CF6F266B8101001D49CC /* SelabInventoryHelperTests */ = {
			isa = PBXNativeTarget;
			buildConfigurationList = CC58CF87266B8101001D49CC /* Build configuration list for PBXNativeTarget "SelabInventoryHelperTests" */;
			buildPhases = (
				A8EDD217B163AA5047E870B4 /* [CP] Check Pods Manifest.lock */,
				CC58CF6C266B8101001D49CC /* Sources */,
				CC58CF6D266B8101001D49CC /* Frameworks */,
				CC58CF6E266B8101001D49CC /* Resources */,
			);
			buildRules = (
			);
			dependencies = (
				CC58CF72266B8101001D49CC /* PBXTargetDependency */,
			);
			name = SelabInventoryHelperTests;
			productName = SelabInventoryHelperTests;
			productReference = CC58CF70266B8101001D49CC /* SelabInventoryHelperTests.xctest */;
			productType = "com.apple.product-type.bundle.unit-test";
		};
		CC58CF7A266B8101001D49CC /* SelabInventoryHelperUITests */ = {
			isa = PBXNativeTarget;
			buildConfigurationList = CC58CF8A266B8101001D49CC /* Build configuration list for PBXNativeTarget "SelabInventoryHelperUITests" */;
			buildPhases = (
				D42AE21C91DBEE3AD9703AEC /* [CP] Check Pods Manifest.lock */,
				CC58CF77266B8101001D49CC /* Sources */,
				CC58CF78266B8101001D49CC /* Frameworks */,
				CC58CF79266B8101001D49CC /* Resources */,
				EF946AE191D6C73CC3914641 /* [CP] Embed Pods Frameworks */,
			);
			buildRules = (
			);
			dependencies = (
				CC58CF7D266B8101001D49CC /* PBXTargetDependency */,
			);
			name = SelabInventoryHelperUITests;
			productName = SelabInventoryHelperUITests;
			productReference = CC58CF7B266B8101001D49CC /* SelabInventoryHelperUITests.xctest */;
			productType = "com.apple.product-type.bundle.ui-testing";
		};
/* End PBXNativeTarget section */

/* Begin PBXProject section */
		CC58CF57266B8100001D49CC /* Project object */ = {
			isa = PBXProject;
			attributes = {
				LastSwiftUpdateCheck = 1250;
				LastUpgradeCheck = 1250;
				TargetAttributes = {
					CC58CF5E266B8100001D49CC = {
						CreatedOnToolsVersion = 12.5;
					};
					CC58CF6F266B8101001D49CC = {
						CreatedOnToolsVersion = 12.5;
						TestTargetID = CC58CF5E266B8100001D49CC;
					};
					CC58CF7A266B8101001D49CC = {
						CreatedOnToolsVersion = 12.5;
						TestTargetID = CC58CF5E266B8100001D49CC;
					};
				};
			};
			buildConfigurationList = CC58CF5A266B8100001D49CC /* Build configuration list for PBXProject "SelabInventoryHelper" */;
			compatibilityVersion = "Xcode 9.3";
			developmentRegion = en;
			hasScannedForEncodings = 0;
			knownRegions = (
				en,
				Base,
			);
			mainGroup = CC58CF56266B8100001D49CC;
			packageReferences = (
				CCAB358A267E10B600034E45 /* XCRemoteSwiftPackageReference "CarBode-Barcode-Scanner-For-SwiftUI" */,
			);
			productRefGroup = CC58CF60266B8100001D49CC /* Products */;
			projectDirPath = "";
			projectRoot = "";
			targets = (
				CC58CF5E266B8100001D49CC /* SelabInventoryHelper */,
				CC58CF6F266B8101001D49CC /* SelabInventoryHelperTests */,
				CC58CF7A266B8101001D49CC /* SelabInventoryHelperUITests */,
			);
		};
/* End PBXProject section */

/* Begin PBXResourcesBuildPhase section */
		CC58CF5D266B8100001D49CC /* Resources */ = {
			isa = PBXResourcesBuildPhase;
			buildActionMask = 2147483647;
			files = (
				CC58CF6A266B8101001D49CC /* Preview Assets.xcassets in Resources */,
				92605505266F081C006BB51A /* .gitattributes in Resources */,
				CC58CF67266B8101001D49CC /* Assets.xcassets in Resources */,
				CCAB356B2674C76F00034E45 /* GoogleService-Info.plist in Resources */,
			);
			runOnlyForDeploymentPostprocessing = 0;
		};
		CC58CF6E266B8101001D49CC /* Resources */ = {
			isa = PBXResourcesBuildPhase;
			buildActionMask = 2147483647;
			files = (
			);
			runOnlyForDeploymentPostprocessing = 0;
		};
		CC58CF79266B8101001D49CC /* Resources */ = {
			isa = PBXResourcesBuildPhase;
			buildActionMask = 2147483647;
			files = (
			);
			runOnlyForDeploymentPostprocessing = 0;
		};
/* End PBXResourcesBuildPhase section */

/* Begin PBXShellScriptBuildPhase section */
		A8EDD217B163AA5047E870B4 /* [CP] Check Pods Manifest.lock */ = {
			isa = PBXShellScriptBuildPhase;
			buildActionMask = 2147483647;
			files = (
			);
			inputFileListPaths = (
			);
			inputPaths = (
				"${PODS_PODFILE_DIR_PATH}/Podfile.lock",
				"${PODS_ROOT}/Manifest.lock",
			);
			name = "[CP] Check Pods Manifest.lock";
			outputFileListPaths = (
			);
			outputPaths = (
				"$(DERIVED_FILE_DIR)/Pods-SelabInventoryHelperTests-checkManifestLockResult.txt",
			);
			runOnlyForDeploymentPostprocessing = 0;
			shellPath = /bin/sh;
			shellScript = "diff \"${PODS_PODFILE_DIR_PATH}/Podfile.lock\" \"${PODS_ROOT}/Manifest.lock\" > /dev/null\nif [ $? != 0 ] ; then\n    # print error to STDERR\n    echo \"error: The sandbox is not in sync with the Podfile.lock. Run 'pod install' or update your CocoaPods installation.\" >&2\n    exit 1\nfi\n# This output is used by Xcode 'outputs' to avoid re-running this script phase.\necho \"SUCCESS\" > \"${SCRIPT_OUTPUT_FILE_0}\"\n";
			showEnvVarsInLog = 0;
		};
		B861019CB9FA7B6234041979 /* [CP] Check Pods Manifest.lock */ = {
			isa = PBXShellScriptBuildPhase;
			buildActionMask = 2147483647;
			files = (
			);
			inputFileListPaths = (
			);
			inputPaths = (
				"${PODS_PODFILE_DIR_PATH}/Podfile.lock",
				"${PODS_ROOT}/Manifest.lock",
			);
			name = "[CP] Check Pods Manifest.lock";
			outputFileListPaths = (
			);
			outputPaths = (
				"$(DERIVED_FILE_DIR)/Pods-SelabInventoryHelper-checkManifestLockResult.txt",
			);
			runOnlyForDeploymentPostprocessing = 0;
			shellPath = /bin/sh;
			shellScript = "diff \"${PODS_PODFILE_DIR_PATH}/Podfile.lock\" \"${PODS_ROOT}/Manifest.lock\" > /dev/null\nif [ $? != 0 ] ; then\n    # print error to STDERR\n    echo \"error: The sandbox is not in sync with the Podfile.lock. Run 'pod install' or update your CocoaPods installation.\" >&2\n    exit 1\nfi\n# This output is used by Xcode 'outputs' to avoid re-running this script phase.\necho \"SUCCESS\" > \"${SCRIPT_OUTPUT_FILE_0}\"\n";
			showEnvVarsInLog = 0;
		};
		BB0E41B72BCB6C4A9309D9E5 /* [CP] Embed Pods Frameworks */ = {
			isa = PBXShellScriptBuildPhase;
			buildActionMask = 2147483647;
			files = (
			);
			inputFileListPaths = (
				"${PODS_ROOT}/Target Support Files/Pods-SelabInventoryHelper/Pods-SelabInventoryHelper-frameworks-${CONFIGURATION}-input-files.xcfilelist",
			);
			name = "[CP] Embed Pods Frameworks";
			outputFileListPaths = (
				"${PODS_ROOT}/Target Support Files/Pods-SelabInventoryHelper/Pods-SelabInventoryHelper-frameworks-${CONFIGURATION}-output-files.xcfilelist",
			);
			runOnlyForDeploymentPostprocessing = 0;
			shellPath = /bin/sh;
			shellScript = "\"${PODS_ROOT}/Target Support Files/Pods-SelabInventoryHelper/Pods-SelabInventoryHelper-frameworks.sh\"\n";
			showEnvVarsInLog = 0;
		};
		D42AE21C91DBEE3AD9703AEC /* [CP] Check Pods Manifest.lock */ = {
			isa = PBXShellScriptBuildPhase;
			buildActionMask = 2147483647;
			files = (
			);
			inputFileListPaths = (
			);
			inputPaths = (
				"${PODS_PODFILE_DIR_PATH}/Podfile.lock",
				"${PODS_ROOT}/Manifest.lock",
			);
			name = "[CP] Check Pods Manifest.lock";
			outputFileListPaths = (
			);
			outputPaths = (
				"$(DERIVED_FILE_DIR)/Pods-SelabInventoryHelper-SelabInventoryHelperUITests-checkManifestLockResult.txt",
			);
			runOnlyForDeploymentPostprocessing = 0;
			shellPath = /bin/sh;
			shellScript = "diff \"${PODS_PODFILE_DIR_PATH}/Podfile.lock\" \"${PODS_ROOT}/Manifest.lock\" > /dev/null\nif [ $? != 0 ] ; then\n    # print error to STDERR\n    echo \"error: The sandbox is not in sync with the Podfile.lock. Run 'pod install' or update your CocoaPods installation.\" >&2\n    exit 1\nfi\n# This output is used by Xcode 'outputs' to avoid re-running this script phase.\necho \"SUCCESS\" > \"${SCRIPT_OUTPUT_FILE_0}\"\n";
			showEnvVarsInLog = 0;
		};
		EF946AE191D6C73CC3914641 /* [CP] Embed Pods Frameworks */ = {
			isa = PBXShellScriptBuildPhase;
			buildActionMask = 2147483647;
			files = (
			);
			inputFileListPaths = (
				"${PODS_ROOT}/Target Support Files/Pods-SelabInventoryHelper-SelabInventoryHelperUITests/Pods-SelabInventoryHelper-SelabInventoryHelperUITests-frameworks-${CONFIGURATION}-input-files.xcfilelist",
			);
			name = "[CP] Embed Pods Frameworks";
			outputFileListPaths = (
				"${PODS_ROOT}/Target Support Files/Pods-SelabInventoryHelper-SelabInventoryHelperUITests/Pods-SelabInventoryHelper-SelabInventoryHelperUITests-frameworks-${CONFIGURATION}-output-files.xcfilelist",
			);
			runOnlyForDeploymentPostprocessing = 0;
			shellPath = /bin/sh;
			shellScript = "\"${PODS_ROOT}/Target Support Files/Pods-SelabInventoryHelper-SelabInventoryHelperUITests/Pods-SelabInventoryHelper-SelabInventoryHelperUITests-frameworks.sh\"\n";
			showEnvVarsInLog = 0;
		};
/* End PBXShellScriptBuildPhase section */

/* Begin PBXSourcesBuildPhase section */
		CC58CF5B266B8100001D49CC /* Sources */ = {
			isa = PBXSourcesBuildPhase;
			buildActionMask = 2147483647;
			files = (
				CC58CF97266E1B75001D49CC /* Property.swift in Sources */,
				CCAB359A2680B1FC00034E45 /* InventoryItemDto.swift in Sources */,
				CCAB35732674F20900034E45 /* ListPropertyViewModel.swift in Sources */,
				CCAB35A02680CB2700034E45 /* InventoryPropertyBarCodeScanner.swift in Sources */,
				CC58CFA0266E50DB001D49CC /* ImageSlider.swift in Sources */,
				CCAB35962680AFF400034E45 /* InventoryLogRepository.swift in Sources */,
				CCAB35A22680CC9900034E45 /* InventoryProperty.swift in Sources */,
				CCAB356D2674E1A400034E45 /* AppDelegate.swift in Sources */,
				CCAB35772675EDE800034E45 /* EditPropertyViewModel.swift in Sources */,
				CC58CFA4266E7130001D49CC /* SUImagePicker.swift in Sources */,
				92605526266F103A006BB51A /* CreatePropertyManually.swift in Sources */,
				CC58CFA2266E5A55001D49CC /* EditProperty.swift in Sources */,
				CCAB35982680B0EE00034E45 /* InventoryLogDto.swift in Sources */,
				CC58CF65266B8100001D49CC /* ContentView.swift in Sources */,
				92D71CEE2680FCB2006F4A59 /* InventoryHistoryViewModel.swift in Sources */,
				926054E4266EFD4B006BB51A /* ButtonWithImage.swift in Sources */,
				CCAB359E2680B2A300034E45 /* InventoryItemDtoMapper.swift in Sources */,
				9228FC66267D38E9006CB3BA /* InventoryItem.swift in Sources */,
				CC58CF99266E1DD7001D49CC /* PropertyDetail.swift in Sources */,
				92114B8B267C92FB00557EC9 /* ImgePicker.swift in Sources */,
				CC58CF8F266D0509001D49CC /* ListProperty.swift in Sources */,
				CC58CF63266B8100001D49CC /* SelabInventoryHelperApp.swift in Sources */,
				CCAB358E267E159600034E45 /* CreatePropertyBarcodeSanner.swift in Sources */,
				CC58CFB1266FB63B001D49CC /* TextArea.swift in Sources */,
				CCAB359226805BEE00034E45 /* ListInventoryProperty.swift in Sources */,
				926054EC266F0274006BB51A /* CreateProperty.swift in Sources */,
				9205F38F266E43C0007BE24F /* InventoryTaking.swift in Sources */,
				CCAB359426805E8E00034E45 /* InventoryPropertyViewModel.swift in Sources */,
				CC58CF99266E1DD7001D49CC /* PropertyDetail.swift in Sources */,
				CC58CF8F266D0509001D49CC /* ListProperty.swift in Sources */,
				9297EC9B267E226A009E2F1A /* PropertyDto.swift in Sources */,
				CCAB35702674E5AC00034E45 /* PropertyRepository.swift in Sources */,
				92D71CF82681032A006F4A59 /* InventoryLogDetail.swift in Sources */,
				CCAB35752675E1DB00034E45 /* CreatePropertyManuallyViewModel.swift in Sources */,
				CC58CF63266B8100001D49CC /* SelabInventoryHelperApp.swift in Sources */,
				CCAB359C2680B29400034E45 /* InventoryLogDtoMapper.swift in Sources */,
				9297EC91267E2204009E2F1A /* PropertyDtoMapper.swift in Sources */,
				9228FC61267D3804006CB3BA /* InventoryLog.swift in Sources */,
				9228FC5C267D377B006CB3BA /* InventoryHistory.swift in Sources */,
				92D71CF3268102A1006F4A59 /* InventoryHistoryRow.swift in Sources */,
				CC58CF9B266E2982001D49CC /* SearchBar.swift in Sources */,
				CC58CFB3266FCB1A001D49CC /* ListPropertyRow.swift in Sources */,
			);
			runOnlyForDeploymentPostprocessing = 0;
		};
		CC58CF6C266B8101001D49CC /* Sources */ = {
			isa = PBXSourcesBuildPhase;
			buildActionMask = 2147483647;
			files = (
				CC58CF75266B8101001D49CC /* SelabInventoryHelperTests.swift in Sources */,
			);
			runOnlyForDeploymentPostprocessing = 0;
		};
		CC58CF77266B8101001D49CC /* Sources */ = {
			isa = PBXSourcesBuildPhase;
			buildActionMask = 2147483647;
			files = (
				CC58CF80266B8101001D49CC /* SelabInventoryHelperUITests.swift in Sources */,
			);
			runOnlyForDeploymentPostprocessing = 0;
		};
/* End PBXSourcesBuildPhase section */

/* Begin PBXTargetDependency section */
		CC58CF72266B8101001D49CC /* PBXTargetDependency */ = {
			isa = PBXTargetDependency;
			target = CC58CF5E266B8100001D49CC /* SelabInventoryHelper */;
			targetProxy = CC58CF71266B8101001D49CC /* PBXContainerItemProxy */;
		};
		CC58CF7D266B8101001D49CC /* PBXTargetDependency */ = {
			isa = PBXTargetDependency;
			target = CC58CF5E266B8100001D49CC /* SelabInventoryHelper */;
			targetProxy = CC58CF7C266B8101001D49CC /* PBXContainerItemProxy */;
		};
/* End PBXTargetDependency section */

/* Begin XCBuildConfiguration section */
		CC58CF82266B8101001D49CC /* Debug */ = {
			isa = XCBuildConfiguration;
			buildSettings = {
				ALWAYS_SEARCH_USER_PATHS = NO;
				CLANG_ANALYZER_NONNULL = YES;
				CLANG_ANALYZER_NUMBER_OBJECT_CONVERSION = YES_AGGRESSIVE;
				CLANG_CXX_LANGUAGE_STANDARD = "gnu++14";
				CLANG_CXX_LIBRARY = "libc++";
				CLANG_ENABLE_MODULES = YES;
				CLANG_ENABLE_OBJC_ARC = YES;
				CLANG_ENABLE_OBJC_WEAK = YES;
				CLANG_WARN_BLOCK_CAPTURE_AUTORELEASING = YES;
				CLANG_WARN_BOOL_CONVERSION = YES;
				CLANG_WARN_COMMA = YES;
				CLANG_WARN_CONSTANT_CONVERSION = YES;
				CLANG_WARN_DEPRECATED_OBJC_IMPLEMENTATIONS = YES;
				CLANG_WARN_DIRECT_OBJC_ISA_USAGE = YES_ERROR;
				CLANG_WARN_DOCUMENTATION_COMMENTS = YES;
				CLANG_WARN_EMPTY_BODY = YES;
				CLANG_WARN_ENUM_CONVERSION = YES;
				CLANG_WARN_INFINITE_RECURSION = YES;
				CLANG_WARN_INT_CONVERSION = YES;
				CLANG_WARN_NON_LITERAL_NULL_CONVERSION = YES;
				CLANG_WARN_OBJC_IMPLICIT_RETAIN_SELF = YES;
				CLANG_WARN_OBJC_LITERAL_CONVERSION = YES;
				CLANG_WARN_OBJC_ROOT_CLASS = YES_ERROR;
				CLANG_WARN_QUOTED_INCLUDE_IN_FRAMEWORK_HEADER = YES;
				CLANG_WARN_RANGE_LOOP_ANALYSIS = YES;
				CLANG_WARN_STRICT_PROTOTYPES = YES;
				CLANG_WARN_SUSPICIOUS_MOVE = YES;
				CLANG_WARN_UNGUARDED_AVAILABILITY = YES_AGGRESSIVE;
				CLANG_WARN_UNREACHABLE_CODE = YES;
				CLANG_WARN__DUPLICATE_METHOD_MATCH = YES;
				COPY_PHASE_STRIP = NO;
				DEBUG_INFORMATION_FORMAT = dwarf;
				ENABLE_STRICT_OBJC_MSGSEND = YES;
				ENABLE_TESTABILITY = YES;
				EXCLUDED_ARCHS = "";
				GCC_C_LANGUAGE_STANDARD = gnu11;
				GCC_DYNAMIC_NO_PIC = NO;
				GCC_NO_COMMON_BLOCKS = YES;
				GCC_OPTIMIZATION_LEVEL = 0;
				GCC_PREPROCESSOR_DEFINITIONS = (
					"DEBUG=1",
					"$(inherited)",
				);
				GCC_WARN_64_TO_32_BIT_CONVERSION = YES;
				GCC_WARN_ABOUT_RETURN_TYPE = YES_ERROR;
				GCC_WARN_UNDECLARED_SELECTOR = YES;
				GCC_WARN_UNINITIALIZED_AUTOS = YES_AGGRESSIVE;
				GCC_WARN_UNUSED_FUNCTION = YES;
				GCC_WARN_UNUSED_VARIABLE = YES;
				IPHONEOS_DEPLOYMENT_TARGET = 14.5;
				MTL_ENABLE_DEBUG_INFO = INCLUDE_SOURCE;
				MTL_FAST_MATH = YES;
				ONLY_ACTIVE_ARCH = NO;
				SDKROOT = iphoneos;
				SWIFT_ACTIVE_COMPILATION_CONDITIONS = DEBUG;
				SWIFT_OPTIMIZATION_LEVEL = "-Onone";
			};
			name = Debug;
		};
		CC58CF83266B8101001D49CC /* Release */ = {
			isa = XCBuildConfiguration;
			buildSettings = {
				ALWAYS_SEARCH_USER_PATHS = NO;
				CLANG_ANALYZER_NONNULL = YES;
				CLANG_ANALYZER_NUMBER_OBJECT_CONVERSION = YES_AGGRESSIVE;
				CLANG_CXX_LANGUAGE_STANDARD = "gnu++14";
				CLANG_CXX_LIBRARY = "libc++";
				CLANG_ENABLE_MODULES = YES;
				CLANG_ENABLE_OBJC_ARC = YES;
				CLANG_ENABLE_OBJC_WEAK = YES;
				CLANG_WARN_BLOCK_CAPTURE_AUTORELEASING = YES;
				CLANG_WARN_BOOL_CONVERSION = YES;
				CLANG_WARN_COMMA = YES;
				CLANG_WARN_CONSTANT_CONVERSION = YES;
				CLANG_WARN_DEPRECATED_OBJC_IMPLEMENTATIONS = YES;
				CLANG_WARN_DIRECT_OBJC_ISA_USAGE = YES_ERROR;
				CLANG_WARN_DOCUMENTATION_COMMENTS = YES;
				CLANG_WARN_EMPTY_BODY = YES;
				CLANG_WARN_ENUM_CONVERSION = YES;
				CLANG_WARN_INFINITE_RECURSION = YES;
				CLANG_WARN_INT_CONVERSION = YES;
				CLANG_WARN_NON_LITERAL_NULL_CONVERSION = YES;
				CLANG_WARN_OBJC_IMPLICIT_RETAIN_SELF = YES;
				CLANG_WARN_OBJC_LITERAL_CONVERSION = YES;
				CLANG_WARN_OBJC_ROOT_CLASS = YES_ERROR;
				CLANG_WARN_QUOTED_INCLUDE_IN_FRAMEWORK_HEADER = YES;
				CLANG_WARN_RANGE_LOOP_ANALYSIS = YES;
				CLANG_WARN_STRICT_PROTOTYPES = YES;
				CLANG_WARN_SUSPICIOUS_MOVE = YES;
				CLANG_WARN_UNGUARDED_AVAILABILITY = YES_AGGRESSIVE;
				CLANG_WARN_UNREACHABLE_CODE = YES;
				CLANG_WARN__DUPLICATE_METHOD_MATCH = YES;
				COPY_PHASE_STRIP = NO;
				DEBUG_INFORMATION_FORMAT = "dwarf-with-dsym";
				ENABLE_NS_ASSERTIONS = NO;
				ENABLE_STRICT_OBJC_MSGSEND = YES;
				EXCLUDED_ARCHS = "";
				GCC_C_LANGUAGE_STANDARD = gnu11;
				GCC_NO_COMMON_BLOCKS = YES;
				GCC_WARN_64_TO_32_BIT_CONVERSION = YES;
				GCC_WARN_ABOUT_RETURN_TYPE = YES_ERROR;
				GCC_WARN_UNDECLARED_SELECTOR = YES;
				GCC_WARN_UNINITIALIZED_AUTOS = YES_AGGRESSIVE;
				GCC_WARN_UNUSED_FUNCTION = YES;
				GCC_WARN_UNUSED_VARIABLE = YES;
				IPHONEOS_DEPLOYMENT_TARGET = 14.5;
				MTL_ENABLE_DEBUG_INFO = NO;
				MTL_FAST_MATH = YES;
				ONLY_ACTIVE_ARCH = NO;
				SDKROOT = iphoneos;
				SWIFT_COMPILATION_MODE = wholemodule;
				SWIFT_OPTIMIZATION_LEVEL = "-O";
				VALIDATE_PRODUCT = YES;
			};
			name = Release;
		};
		CC58CF85266B8101001D49CC /* Debug */ = {
			isa = XCBuildConfiguration;
			baseConfigurationReference = E57E99CE48D16CDF10A24D7A /* Pods-SelabInventoryHelper.debug.xcconfig */;
			buildSettings = {
				ASSETCATALOG_COMPILER_APPICON_NAME = AppIcon;
				ASSETCATALOG_COMPILER_GLOBAL_ACCENT_COLOR_NAME = AccentColor;
				CODE_SIGN_STYLE = Automatic;
				DEVELOPMENT_ASSET_PATHS = "\"SelabInventoryHelper/Preview Content\"";
				DEVELOPMENT_TEAM = MCWR959BM5;
				ENABLE_PREVIEWS = YES;
				EXCLUDED_ARCHS = arm64;
				INFOPLIST_FILE = SelabInventoryHelper/Info.plist;
				IPHONEOS_DEPLOYMENT_TARGET = 14.0;
				LD_RUNPATH_SEARCH_PATHS = (
					"$(inherited)",
					"@executable_path/Frameworks",
				);
				PRODUCT_BUNDLE_IDENTIFIER = ntut.edu.tw.selab1421.no97.SelabInventoryHelper;
				PRODUCT_NAME = "$(TARGET_NAME)";
				SWIFT_VERSION = 5.0;
				TARGETED_DEVICE_FAMILY = 1;
			};
			name = Debug;
		};
		CC58CF86266B8101001D49CC /* Release */ = {
			isa = XCBuildConfiguration;
			baseConfigurationReference = 279A910C1037879558597D2B /* Pods-SelabInventoryHelper.release.xcconfig */;
			buildSettings = {
				ASSETCATALOG_COMPILER_APPICON_NAME = AppIcon;
				ASSETCATALOG_COMPILER_GLOBAL_ACCENT_COLOR_NAME = AccentColor;
				CODE_SIGN_STYLE = Automatic;
				DEVELOPMENT_ASSET_PATHS = "\"SelabInventoryHelper/Preview Content\"";
				DEVELOPMENT_TEAM = MCWR959BM5;
				ENABLE_PREVIEWS = YES;
				EXCLUDED_ARCHS = arm64;
				INFOPLIST_FILE = SelabInventoryHelper/Info.plist;
				IPHONEOS_DEPLOYMENT_TARGET = 14.0;
				LD_RUNPATH_SEARCH_PATHS = (
					"$(inherited)",
					"@executable_path/Frameworks",
				);
				PRODUCT_BUNDLE_IDENTIFIER = ntut.edu.tw.selab1421.no97.SelabInventoryHelper;
				PRODUCT_NAME = "$(TARGET_NAME)";
				SWIFT_VERSION = 5.0;
				TARGETED_DEVICE_FAMILY = 1;
			};
			name = Release;
		};
		CC58CF88266B8101001D49CC /* Debug */ = {
			isa = XCBuildConfiguration;
			baseConfigurationReference = 0BE323931D29565BD78BCE6E /* Pods-SelabInventoryHelperTests.debug.xcconfig */;
			buildSettings = {
				ALWAYS_EMBED_SWIFT_STANDARD_LIBRARIES = YES;
				BUNDLE_LOADER = "$(TEST_HOST)";
				CODE_SIGN_STYLE = Automatic;
				INFOPLIST_FILE = SelabInventoryHelperTests/Info.plist;
				IPHONEOS_DEPLOYMENT_TARGET = 14.0;
				LD_RUNPATH_SEARCH_PATHS = (
					"$(inherited)",
					"@executable_path/Frameworks",
					"@loader_path/Frameworks",
				);
				PRODUCT_BUNDLE_IDENTIFIER = ntut.edu.tw.selab1421.no97.SelabInventoryHelperTests;
				PRODUCT_NAME = "$(TARGET_NAME)";
				SWIFT_VERSION = 5.0;
				TARGETED_DEVICE_FAMILY = "1,2";
				TEST_HOST = "$(BUILT_PRODUCTS_DIR)/SelabInventoryHelper.app/SelabInventoryHelper";
			};
			name = Debug;
		};
		CC58CF89266B8101001D49CC /* Release */ = {
			isa = XCBuildConfiguration;
			baseConfigurationReference = D6A600C3AB65478DD2DA8B0E /* Pods-SelabInventoryHelperTests.release.xcconfig */;
			buildSettings = {
				ALWAYS_EMBED_SWIFT_STANDARD_LIBRARIES = YES;
				BUNDLE_LOADER = "$(TEST_HOST)";
				CODE_SIGN_STYLE = Automatic;
				INFOPLIST_FILE = SelabInventoryHelperTests/Info.plist;
				IPHONEOS_DEPLOYMENT_TARGET = 14.0;
				LD_RUNPATH_SEARCH_PATHS = (
					"$(inherited)",
					"@executable_path/Frameworks",
					"@loader_path/Frameworks",
				);
				PRODUCT_BUNDLE_IDENTIFIER = ntut.edu.tw.selab1421.no97.SelabInventoryHelperTests;
				PRODUCT_NAME = "$(TARGET_NAME)";
				SWIFT_VERSION = 5.0;
				TARGETED_DEVICE_FAMILY = "1,2";
				TEST_HOST = "$(BUILT_PRODUCTS_DIR)/SelabInventoryHelper.app/SelabInventoryHelper";
			};
			name = Release;
		};
		CC58CF8B266B8101001D49CC /* Debug */ = {
			isa = XCBuildConfiguration;
			baseConfigurationReference = 5AA00FCFF9BB4CF633A22AF6 /* Pods-SelabInventoryHelper-SelabInventoryHelperUITests.debug.xcconfig */;
			buildSettings = {
				ALWAYS_EMBED_SWIFT_STANDARD_LIBRARIES = YES;
				CODE_SIGN_STYLE = Automatic;
				INFOPLIST_FILE = SelabInventoryHelperUITests/Info.plist;
				IPHONEOS_DEPLOYMENT_TARGET = 14.4;
				LD_RUNPATH_SEARCH_PATHS = (
					"$(inherited)",
					"@executable_path/Frameworks",
					"@loader_path/Frameworks",
				);
				PRODUCT_BUNDLE_IDENTIFIER = ntut.edu.tw.selab1421.no97.SelabInventoryHelperUITests;
				PRODUCT_NAME = "$(TARGET_NAME)";
				SWIFT_VERSION = 5.0;
				TARGETED_DEVICE_FAMILY = "1,2";
				TEST_TARGET_NAME = SelabInventoryHelper;
			};
			name = Debug;
		};
		CC58CF8C266B8101001D49CC /* Release */ = {
			isa = XCBuildConfiguration;
			baseConfigurationReference = 43CE9B2CE42F2F22204BFFCC /* Pods-SelabInventoryHelper-SelabInventoryHelperUITests.release.xcconfig */;
			buildSettings = {
				ALWAYS_EMBED_SWIFT_STANDARD_LIBRARIES = YES;
				CODE_SIGN_STYLE = Automatic;
				INFOPLIST_FILE = SelabInventoryHelperUITests/Info.plist;
				IPHONEOS_DEPLOYMENT_TARGET = 14.4;
				LD_RUNPATH_SEARCH_PATHS = (
					"$(inherited)",
					"@executable_path/Frameworks",
					"@loader_path/Frameworks",
				);
				PRODUCT_BUNDLE_IDENTIFIER = ntut.edu.tw.selab1421.no97.SelabInventoryHelperUITests;
				PRODUCT_NAME = "$(TARGET_NAME)";
				SWIFT_VERSION = 5.0;
				TARGETED_DEVICE_FAMILY = "1,2";
				TEST_TARGET_NAME = SelabInventoryHelper;
			};
			name = Release;
		};
/* End XCBuildConfiguration section */

/* Begin XCConfigurationList section */
		CC58CF5A266B8100001D49CC /* Build configuration list for PBXProject "SelabInventoryHelper" */ = {
			isa = XCConfigurationList;
			buildConfigurations = (
				CC58CF82266B8101001D49CC /* Debug */,
				CC58CF83266B8101001D49CC /* Release */,
			);
			defaultConfigurationIsVisible = 0;
			defaultConfigurationName = Release;
		};
		CC58CF84266B8101001D49CC /* Build configuration list for PBXNativeTarget "SelabInventoryHelper" */ = {
			isa = XCConfigurationList;
			buildConfigurations = (
				CC58CF85266B8101001D49CC /* Debug */,
				CC58CF86266B8101001D49CC /* Release */,
			);
			defaultConfigurationIsVisible = 0;
			defaultConfigurationName = Release;
		};
		CC58CF87266B8101001D49CC /* Build configuration list for PBXNativeTarget "SelabInventoryHelperTests" */ = {
			isa = XCConfigurationList;
			buildConfigurations = (
				CC58CF88266B8101001D49CC /* Debug */,
				CC58CF89266B8101001D49CC /* Release */,
			);
			defaultConfigurationIsVisible = 0;
			defaultConfigurationName = Release;
		};
		CC58CF8A266B8101001D49CC /* Build configuration list for PBXNativeTarget "SelabInventoryHelperUITests" */ = {
			isa = XCConfigurationList;
			buildConfigurations = (
				CC58CF8B266B8101001D49CC /* Debug */,
				CC58CF8C266B8101001D49CC /* Release */,
			);
			defaultConfigurationIsVisible = 0;
			defaultConfigurationName = Release;
		};
/* End XCConfigurationList section */

/* Begin XCRemoteSwiftPackageReference section */
		CCAB358A267E10B600034E45 /* XCRemoteSwiftPackageReference "CarBode-Barcode-Scanner-For-SwiftUI" */ = {
			isa = XCRemoteSwiftPackageReference;
			repositoryURL = "https://github.com/heart/CarBode-Barcode-Scanner-For-SwiftUI";
			requirement = {
				kind = exactVersion;
				version = 2.1.2;
			};
		};
/* End XCRemoteSwiftPackageReference section */

/* Begin XCSwiftPackageProductDependency section */
		CCAB358B267E10B600034E45 /* CarBode */ = {
			isa = XCSwiftPackageProductDependency;
			package = CCAB358A267E10B600034E45 /* XCRemoteSwiftPackageReference "CarBode-Barcode-Scanner-For-SwiftUI" */;
			productName = CarBode;
		};
/* End XCSwiftPackageProductDependency section */
	};
	rootObject = CC58CF57266B8100001D49CC /* Project object */;
}
